// !$*UTF8*$!
{
	archiveVersion = 1;
	classes = {
	};
	objectVersion = 46;
	objects = {

/* Begin PBXBuildFile section */
		A20CB1C416B8F4CF00AF858B /* UIKit.framework in Frameworks */ = {isa = PBXBuildFile; fileRef = A20CB1C316B8F4CF00AF858B /* UIKit.framework */; };
		A20CB1C616B8F4CF00AF858B /* Foundation.framework in Frameworks */ = {isa = PBXBuildFile; fileRef = A20CB1C516B8F4CF00AF858B /* Foundation.framework */; };
		A20CB1C816B8F4CF00AF858B /* CoreGraphics.framework in Frameworks */ = {isa = PBXBuildFile; fileRef = A20CB1C716B8F4CF00AF858B /* CoreGraphics.framework */; };
		A20CB1CE16B8F4CF00AF858B /* InfoPlist.strings in Resources */ = {isa = PBXBuildFile; fileRef = A20CB1CC16B8F4CF00AF858B /* InfoPlist.strings */; };
		A20CB1D016B8F4CF00AF858B /* main.m in Sources */ = {isa = PBXBuildFile; fileRef = A20CB1CF16B8F4CF00AF858B /* main.m */; };
		A20CB1D416B8F4CF00AF858B /* WEAppDelegate.m in Sources */ = {isa = PBXBuildFile; fileRef = A20CB1D316B8F4CF00AF858B /* WEAppDelegate.m */; };
		A20CB1D616B8F4CF00AF858B /* Default.png in Resources */ = {isa = PBXBuildFile; fileRef = A20CB1D516B8F4CF00AF858B /* Default.png */; };
		A20CB1D816B8F4CF00AF858B /* Default@2x.png in Resources */ = {isa = PBXBuildFile; fileRef = A20CB1D716B8F4CF00AF858B /* Default@2x.png */; };
		A20CB1DA16B8F4CF00AF858B /* Default-568h@2x.png in Resources */ = {isa = PBXBuildFile; fileRef = A20CB1D916B8F4CF00AF858B /* Default-568h@2x.png */; };
		A20CB1E016B8F4CF00AF858B /* WEWebViewController_iPhone.xib in Resources */ = {isa = PBXBuildFile; fileRef = A20CB1DE16B8F4CF00AF858B /* WEWebViewController_iPhone.xib */; };
		A20CB1E316B8F4CF00AF858B /* WEWebViewController_iPad.xib in Resources */ = {isa = PBXBuildFile; fileRef = A20CB1E116B8F4CF00AF858B /* WEWebViewController_iPad.xib */; };
		A2282F75170349250034214A /* NSThread+BlockAdditions.m in Sources */ = {isa = PBXBuildFile; fileRef = A2282F74170349250034214A /* NSThread+BlockAdditions.m */; };
		A22BEB0217016D9F0039625D /* AWSiOSSDK.framework in Frameworks */ = {isa = PBXBuildFile; fileRef = A22BEB0117016D9F0039625D /* AWSiOSSDK.framework */; };
		A22BEB0417016FE40039625D /* config.json in Resources */ = {isa = PBXBuildFile; fileRef = A22BEB0317016FE40039625D /* config.json */; };
		A239B6201708D2EA00109734 /* WEProjectsViewController.m in Sources */ = {isa = PBXBuildFile; fileRef = A239B61E1708D2EA00109734 /* WEProjectsViewController.m */; };
		A239B6241708E05700109734 /* WEProjectCell.m in Sources */ = {isa = PBXBuildFile; fileRef = A239B6231708E05700109734 /* WEProjectCell.m */; };
		A239B6271708E0E800109734 /* WEProjectCollectionViewLayout.m in Sources */ = {isa = PBXBuildFile; fileRef = A239B6261708E0E800109734 /* WEProjectCollectionViewLayout.m */; };
		A239B62A1708E85E00109734 /* WEAddProjectCell.m in Sources */ = {isa = PBXBuildFile; fileRef = A239B6291708E85E00109734 /* WEAddProjectCell.m */; };
		A23E7DEB173AA34B004CDDF7 /* WEAddPageCell.m in Sources */ = {isa = PBXBuildFile; fileRef = A23E7DEA173AA34B004CDDF7 /* WEAddPageCell.m */; };
		A24E68FB17BBCF800090D2F1 /* add-image.png in Resources */ = {isa = PBXBuildFile; fileRef = A24E68ED17BBCF800090D2F1 /* add-image.png */; };
		A24E68FC17BBCF800090D2F1 /* add-image@2x.png in Resources */ = {isa = PBXBuildFile; fileRef = A24E68EE17BBCF800090D2F1 /* add-image@2x.png */; };
		A24E68FD17BBCF800090D2F1 /* add.png in Resources */ = {isa = PBXBuildFile; fileRef = A24E68EF17BBCF800090D2F1 /* add.png */; };
		A24E68FE17BBCF800090D2F1 /* add@2x.png in Resources */ = {isa = PBXBuildFile; fileRef = A24E68F017BBCF800090D2F1 /* add@2x.png */; };
		A24E68FF17BBCF800090D2F1 /* delete.png in Resources */ = {isa = PBXBuildFile; fileRef = A24E68F117BBCF800090D2F1 /* delete.png */; };
		A24E690017BBCF800090D2F1 /* delete@2x.png in Resources */ = {isa = PBXBuildFile; fileRef = A24E68F217BBCF800090D2F1 /* delete@2x.png */; };
		A24E690117BBCF800090D2F1 /* edit_text.png in Resources */ = {isa = PBXBuildFile; fileRef = A24E68F317BBCF800090D2F1 /* edit_text.png */; };
		A24E690217BBCF800090D2F1 /* edit_text@2x.png in Resources */ = {isa = PBXBuildFile; fileRef = A24E68F417BBCF800090D2F1 /* edit_text@2x.png */; };
		A24E690317BBCF800090D2F1 /* information.png in Resources */ = {isa = PBXBuildFile; fileRef = A24E68F517BBCF800090D2F1 /* information.png */; };
		A24E690417BBCF800090D2F1 /* information@2x.png in Resources */ = {isa = PBXBuildFile; fileRef = A24E68F617BBCF800090D2F1 /* information@2x.png */; };
		A24E690517BBCF800090D2F1 /* link.png in Resources */ = {isa = PBXBuildFile; fileRef = A24E68F717BBCF800090D2F1 /* link.png */; };
		A24E690617BBCF800090D2F1 /* link@2x.png in Resources */ = {isa = PBXBuildFile; fileRef = A24E68F817BBCF800090D2F1 /* link@2x.png */; };
		A24E690717BBCF800090D2F1 /* up.png in Resources */ = {isa = PBXBuildFile; fileRef = A24E68F917BBCF800090D2F1 /* up.png */; };
		A24E690817BBCF800090D2F1 /* up@2x.png in Resources */ = {isa = PBXBuildFile; fileRef = A24E68FA17BBCF800090D2F1 /* up@2x.png */; };
		A25EF895176D3D7700222144 /* WEStyleTableViewController.m in Sources */ = {isa = PBXBuildFile; fileRef = A25EF894176D3D7700222144 /* WEStyleTableViewController.m */; };
		A27C9FEF170A6C490095D273 /* WEProjectSettings.m in Sources */ = {isa = PBXBuildFile; fileRef = A27C9FEE170A6C490095D273 /* WEProjectSettings.m */; };
		A27C9FFA170A7D3A0095D273 /* grey_wash_wall_@2X.png in Resources */ = {isa = PBXBuildFile; fileRef = A27C9FF8170A7D3A0095D273 /* grey_wash_wall_@2X.png */; };
		A27C9FFB170A7D3A0095D273 /* grey_wash_wall.png in Resources */ = {isa = PBXBuildFile; fileRef = A27C9FF9170A7D3A0095D273 /* grey_wash_wall.png */; };
		A27D62BD16FC17FB005C114A /* WEEditorViewController.m in Sources */ = {isa = PBXBuildFile; fileRef = A27D62BB16FC17FB005C114A /* WEEditorViewController.m */; };
		A27D62BE16FC17FB005C114A /* WEEditorViewController.xib in Resources */ = {isa = PBXBuildFile; fileRef = A27D62BC16FC17FB005C114A /* WEEditorViewController.xib */; };
		A27D62C216FC2063005C114A /* dark_exa.png in Resources */ = {isa = PBXBuildFile; fileRef = A27D62C016FC2063005C114A /* dark_exa.png */; };
		A27D62C316FC2063005C114A /* dark_exa_@2X.png in Resources */ = {isa = PBXBuildFile; fileRef = A27D62C116FC2063005C114A /* dark_exa_@2X.png */; };
		A29459F116FACC19004AA401 /* GradientButton.m in Sources */ = {isa = PBXBuildFile; fileRef = A29459F016FACC19004AA401 /* GradientButton.m */; };
		A29459F516FB59B9004AA401 /* NSArray+WEExtras.m in Sources */ = {isa = PBXBuildFile; fileRef = A29459F416FB59B9004AA401 /* NSArray+WEExtras.m */; };
		A29589E616F0280600BEDBC6 /* WEViewController+ImagePicker.m in Sources */ = {isa = PBXBuildFile; fileRef = A29589E516F0280600BEDBC6 /* WEViewController+ImagePicker.m */; };
		A29589E916F0287700BEDBC6 /* WEUtils.m in Sources */ = {isa = PBXBuildFile; fileRef = A29589E816F0287700BEDBC6 /* WEUtils.m */; };
		A297EBFB1739F9E0004BBB24 /* WEPageCollectionViewController.m in Sources */ = {isa = PBXBuildFile; fileRef = A297EBFA1739F9E0004BBB24 /* WEPageCollectionViewController.m */; };
		A297EBFE1739FA67004BBB24 /* WEPageCollectionViewLayout.m in Sources */ = {isa = PBXBuildFile; fileRef = A297EBFD1739FA66004BBB24 /* WEPageCollectionViewLayout.m */; };
		A297EC011739FC31004BBB24 /* WEPageCell.m in Sources */ = {isa = PBXBuildFile; fileRef = A297EC001739FC31004BBB24 /* WEPageCell.m */; };
		A29CF1BB16EBD37400AB6D38 /* WEDialogViewController.m in Sources */ = {isa = PBXBuildFile; fileRef = A29CF1AD16EBD37400AB6D38 /* WEDialogViewController.m */; };
		A29CF1BC16EBD37400AB6D38 /* WEWebViewController.m in Sources */ = {isa = PBXBuildFile; fileRef = A29CF1AF16EBD37400AB6D38 /* WEWebViewController.m */; };
		A29CF1BD16EBD37400AB6D38 /* WebViewJavascriptBridge.js.txt in Resources */ = {isa = PBXBuildFile; fileRef = A29CF1B316EBD37400AB6D38 /* WebViewJavascriptBridge.js.txt */; };
		A29CF1BE16EBD37400AB6D38 /* WebViewJavascriptBridge.m in Sources */ = {isa = PBXBuildFile; fileRef = A29CF1B416EBD37400AB6D38 /* WebViewJavascriptBridge.m */; };
		A29CF1BF16EBD37400AB6D38 /* WEPageManager.m in Sources */ = {isa = PBXBuildFile; fileRef = A29CF1B716EBD37400AB6D38 /* WEPageManager.m */; };
		A29CF1C016EBD37400AB6D38 /* WEColumnResizeView.m in Sources */ = {isa = PBXBuildFile; fileRef = A29CF1BA16EBD37400AB6D38 /* WEColumnResizeView.m */; };
		A29CF1E316EBD37C00AB6D38 /* glyphicons-halflings-white.png in Resources */ = {isa = PBXBuildFile; fileRef = A29CF1D316EBD37C00AB6D38 /* glyphicons-halflings-white.png */; };
		A29CF1E416EBD37C00AB6D38 /* glyphicons-halflings.png in Resources */ = {isa = PBXBuildFile; fileRef = A29CF1D416EBD37C00AB6D38 /* glyphicons-halflings.png */; };
		A29FB3C817009E2D00216969 /* WEActionSelectViewController.m in Sources */ = {isa = PBXBuildFile; fileRef = A29FB3C717009E2D00216969 /* WEActionSelectViewController.m */; };
		A2B0B75E175E359600FD2E90 /* WEPageBackgroundView.m in Sources */ = {isa = PBXBuildFile; fileRef = A2B0B75D175E359600FD2E90 /* WEPageBackgroundView.m */; };
		A2B5F3A2179201020026A982 /* WELinkViewController.m in Sources */ = {isa = PBXBuildFile; fileRef = A2B5F3A1179201020026A982 /* WELinkViewController.m */; };
		A2B5F3A81792018C0026A982 /* WECustomLinkCell.m in Sources */ = {isa = PBXBuildFile; fileRef = A2B5F3A71792018C0026A982 /* WECustomLinkCell.m */; };
		A2B5F3AA179201A90026A982 /* WECustomLinkCell.xib in Resources */ = {isa = PBXBuildFile; fileRef = A2B5F3A9179201A90026A982 /* WECustomLinkCell.xib */; };
		A2BBBAB217B9FD7700DFD1E1 /* WEBodyBackgroundCell.xib in Resources */ = {isa = PBXBuildFile; fileRef = A2BBBAB117B9FD7700DFD1E1 /* WEBodyBackgroundCell.xib */; };
		A2BBBAB517B9FDAE00DFD1E1 /* WEBodyBackgroundCell.m in Sources */ = {isa = PBXBuildFile; fileRef = A2BBBAB417B9FDAE00DFD1E1 /* WEBodyBackgroundCell.m */; };
		A2E77230176D4B41006D281D /* WEStyleCell.m in Sources */ = {isa = PBXBuildFile; fileRef = A2E7722F176D4B41006D281D /* WEStyleCell.m */; };
		A2ECB8F21718E416003F9E36 /* bootstrap-responsive.css in Resources */ = {isa = PBXBuildFile; fileRef = A2ECB8E01718E416003F9E36 /* bootstrap-responsive.css */; };
		A2ECB8F31718E416003F9E36 /* bootstrap-responsive.min.css in Resources */ = {isa = PBXBuildFile; fileRef = A2ECB8E11718E416003F9E36 /* bootstrap-responsive.min.css */; };
		A2ECB8F41718E416003F9E36 /* bootstrap.css in Resources */ = {isa = PBXBuildFile; fileRef = A2ECB8E21718E416003F9E36 /* bootstrap.css */; };
		A2ECB8F51718E416003F9E36 /* bootstrap.min.css in Resources */ = {isa = PBXBuildFile; fileRef = A2ECB8E31718E416003F9E36 /* bootstrap.min.css */; };
		A2ECB8F61718E416003F9E36 /* development.css in Resources */ = {isa = PBXBuildFile; fileRef = A2ECB8E41718E416003F9E36 /* development.css */; };
		A2ECB8F71718E416003F9E36 /* override.css in Resources */ = {isa = PBXBuildFile; fileRef = A2ECB8E51718E416003F9E36 /* override.css */; };
		A2ECB8F91718E416003F9E36 /* development.html in Resources */ = {isa = PBXBuildFile; fileRef = A2ECB8E81718E416003F9E36 /* development.html */; };
		A2ECB8FA1718E416003F9E36 /* production.html in Resources */ = {isa = PBXBuildFile; fileRef = A2ECB8E91718E416003F9E36 /* production.html */; };
		A2ECB8FB1718E416003F9E36 /* test.html in Resources */ = {isa = PBXBuildFile; fileRef = A2ECB8EA1718E416003F9E36 /* test.html */; };
		A2ECB9021718E465003F9E36 /* bootstrap-lightbox.js in Resources */ = {isa = PBXBuildFile; fileRef = A2ECB8EC1718E416003F9E36 /* bootstrap-lightbox.js */; };
		A2ECB9031718E465003F9E36 /* bootstrap.js in Resources */ = {isa = PBXBuildFile; fileRef = A2ECB8ED1718E416003F9E36 /* bootstrap.js */; };
		A2ECB9041718E465003F9E36 /* bootstrap.min.js in Resources */ = {isa = PBXBuildFile; fileRef = A2ECB8EE1718E416003F9E36 /* bootstrap.min.js */; };
		A2ECB9051718E465003F9E36 /* development.js in Resources */ = {isa = PBXBuildFile; fileRef = A2ECB8EF1718E416003F9E36 /* development.js */; };
		A2ECB9061718E465003F9E36 /* jquery-1.9.0.min.js in Resources */ = {isa = PBXBuildFile; fileRef = A2ECB8F01718E416003F9E36 /* jquery-1.9.0.min.js */; };
		A2ECB9071718E465003F9E36 /* rangy.js in Resources */ = {isa = PBXBuildFile; fileRef = A2ECB8F11718E416003F9E36 /* rangy.js */; };
		A2F0540416F975B3008061EE /* WEImagePopoverViewController.m in Sources */ = {isa = PBXBuildFile; fileRef = A2F0540316F975B3008061EE /* WEImagePopoverViewController.m */; };
		A2F12495170792C80012D1AF /* UIImage+WEExtras.m in Sources */ = {isa = PBXBuildFile; fileRef = A2F12494170792C80012D1AF /* UIImage+WEExtras.m */; };
		A2F80567176E57F70030A97A /* WEStyleCell.xib in Resources */ = {isa = PBXBuildFile; fileRef = A2F80566176E57F70030A97A /* WEStyleCell.xib */; };
		A2F8056A176E84270030A97A /* UITableViewController+UITableViewControllerAdditions.m in Sources */ = {isa = PBXBuildFile; fileRef = A2F80569176E84270030A97A /* UITableViewController+UITableViewControllerAdditions.m */; };
/* End PBXBuildFile section */

/* Begin PBXFileReference section */
		A20CB1C016B8F4CF00AF858B /* WebsterEditor.app */ = {isa = PBXFileReference; explicitFileType = wrapper.application; includeInIndex = 0; path = WebsterEditor.app; sourceTree = BUILT_PRODUCTS_DIR; };
		A20CB1C316B8F4CF00AF858B /* UIKit.framework */ = {isa = PBXFileReference; lastKnownFileType = wrapper.framework; name = UIKit.framework; path = System/Library/Frameworks/UIKit.framework; sourceTree = SDKROOT; };
		A20CB1C516B8F4CF00AF858B /* Foundation.framework */ = {isa = PBXFileReference; lastKnownFileType = wrapper.framework; name = Foundation.framework; path = System/Library/Frameworks/Foundation.framework; sourceTree = SDKROOT; };
		A20CB1C716B8F4CF00AF858B /* CoreGraphics.framework */ = {isa = PBXFileReference; lastKnownFileType = wrapper.framework; name = CoreGraphics.framework; path = System/Library/Frameworks/CoreGraphics.framework; sourceTree = SDKROOT; };
		A20CB1CB16B8F4CF00AF858B /* WebsterEditor-Info.plist */ = {isa = PBXFileReference; lastKnownFileType = text.plist.xml; path = "WebsterEditor-Info.plist"; sourceTree = "<group>"; };
		A20CB1CD16B8F4CF00AF858B /* en */ = {isa = PBXFileReference; lastKnownFileType = text.plist.strings; name = en; path = en.lproj/InfoPlist.strings; sourceTree = "<group>"; };
		A20CB1CF16B8F4CF00AF858B /* main.m */ = {isa = PBXFileReference; lastKnownFileType = sourcecode.c.objc; path = main.m; sourceTree = "<group>"; };
		A20CB1D116B8F4CF00AF858B /* WebsterEditor-Prefix.pch */ = {isa = PBXFileReference; lastKnownFileType = sourcecode.c.h; path = "WebsterEditor-Prefix.pch"; sourceTree = "<group>"; };
		A20CB1D216B8F4CF00AF858B /* WEAppDelegate.h */ = {isa = PBXFileReference; lastKnownFileType = sourcecode.c.h; path = WEAppDelegate.h; sourceTree = "<group>"; };
		A20CB1D316B8F4CF00AF858B /* WEAppDelegate.m */ = {isa = PBXFileReference; lastKnownFileType = sourcecode.c.objc; path = WEAppDelegate.m; sourceTree = "<group>"; };
		A20CB1D516B8F4CF00AF858B /* Default.png */ = {isa = PBXFileReference; lastKnownFileType = image.png; path = Default.png; sourceTree = "<group>"; };
		A20CB1D716B8F4CF00AF858B /* Default@2x.png */ = {isa = PBXFileReference; lastKnownFileType = image.png; path = "Default@2x.png"; sourceTree = "<group>"; };
		A20CB1D916B8F4CF00AF858B /* Default-568h@2x.png */ = {isa = PBXFileReference; lastKnownFileType = image.png; path = "Default-568h@2x.png"; sourceTree = "<group>"; };
		A20CB1DF16B8F4CF00AF858B /* en */ = {isa = PBXFileReference; lastKnownFileType = file.xib; name = en; path = en.lproj/WEWebViewController_iPhone.xib; sourceTree = "<group>"; };
		A20CB1E216B8F4CF00AF858B /* en */ = {isa = PBXFileReference; lastKnownFileType = file.xib; name = en; path = en.lproj/WEWebViewController_iPad.xib; sourceTree = "<group>"; };
		A2282F73170349250034214A /* NSThread+BlockAdditions.h */ = {isa = PBXFileReference; fileEncoding = 4; lastKnownFileType = sourcecode.c.h; path = "NSThread+BlockAdditions.h"; sourceTree = "<group>"; };
		A2282F74170349250034214A /* NSThread+BlockAdditions.m */ = {isa = PBXFileReference; fileEncoding = 4; lastKnownFileType = sourcecode.c.objc; path = "NSThread+BlockAdditions.m"; sourceTree = "<group>"; };
		A2282F76170491C00034214A /* bootstrap-lightbox.js */ = {isa = PBXFileReference; fileEncoding = 4; lastKnownFileType = sourcecode.javascript; path = "bootstrap-lightbox.js"; sourceTree = "<group>"; };
		A22BEB0117016D9F0039625D /* AWSiOSSDK.framework */ = {isa = PBXFileReference; lastKnownFileType = wrapper.framework; path = AWSiOSSDK.framework; sourceTree = "<group>"; };
		A22BEB0317016FE40039625D /* config.json */ = {isa = PBXFileReference; fileEncoding = 4; lastKnownFileType = text.json; path = config.json; sourceTree = "<group>"; };
		A239B61D1708D2EA00109734 /* WEProjectsViewController.h */ = {isa = PBXFileReference; fileEncoding = 4; lastKnownFileType = sourcecode.c.h; path = WEProjectsViewController.h; sourceTree = "<group>"; };
		A239B61E1708D2EA00109734 /* WEProjectsViewController.m */ = {isa = PBXFileReference; fileEncoding = 4; lastKnownFileType = sourcecode.c.objc; path = WEProjectsViewController.m; sourceTree = "<group>"; };
		A239B6221708E05700109734 /* WEProjectCell.h */ = {isa = PBXFileReference; fileEncoding = 4; lastKnownFileType = sourcecode.c.h; path = WEProjectCell.h; sourceTree = "<group>"; };
		A239B6231708E05700109734 /* WEProjectCell.m */ = {isa = PBXFileReference; fileEncoding = 4; lastKnownFileType = sourcecode.c.objc; path = WEProjectCell.m; sourceTree = "<group>"; };
		A239B6251708E0E800109734 /* WEProjectCollectionViewLayout.h */ = {isa = PBXFileReference; fileEncoding = 4; lastKnownFileType = sourcecode.c.h; path = WEProjectCollectionViewLayout.h; sourceTree = "<group>"; };
		A239B6261708E0E800109734 /* WEProjectCollectionViewLayout.m */ = {isa = PBXFileReference; fileEncoding = 4; lastKnownFileType = sourcecode.c.objc; path = WEProjectCollectionViewLayout.m; sourceTree = "<group>"; };
		A239B6281708E85E00109734 /* WEAddProjectCell.h */ = {isa = PBXFileReference; fileEncoding = 4; lastKnownFileType = sourcecode.c.h; path = WEAddProjectCell.h; sourceTree = "<group>"; };
		A239B6291708E85E00109734 /* WEAddProjectCell.m */ = {isa = PBXFileReference; fileEncoding = 4; lastKnownFileType = sourcecode.c.objc; path = WEAddProjectCell.m; sourceTree = "<group>"; };
		A23E7DE9173AA34B004CDDF7 /* WEAddPageCell.h */ = {isa = PBXFileReference; fileEncoding = 4; lastKnownFileType = sourcecode.c.h; path = WEAddPageCell.h; sourceTree = "<group>"; };
		A23E7DEA173AA34B004CDDF7 /* WEAddPageCell.m */ = {isa = PBXFileReference; fileEncoding = 4; lastKnownFileType = sourcecode.c.objc; path = WEAddPageCell.m; sourceTree = "<group>"; };
		A24E68ED17BBCF800090D2F1 /* add-image.png */ = {isa = PBXFileReference; lastKnownFileType = image.png; path = "add-image.png"; sourceTree = "<group>"; };
		A24E68EE17BBCF800090D2F1 /* add-image@2x.png */ = {isa = PBXFileReference; lastKnownFileType = image.png; path = "add-image@2x.png"; sourceTree = "<group>"; };
		A24E68EF17BBCF800090D2F1 /* add.png */ = {isa = PBXFileReference; lastKnownFileType = image.png; path = add.png; sourceTree = "<group>"; };
		A24E68F017BBCF800090D2F1 /* add@2x.png */ = {isa = PBXFileReference; lastKnownFileType = image.png; path = "add@2x.png"; sourceTree = "<group>"; };
		A24E68F117BBCF800090D2F1 /* delete.png */ = {isa = PBXFileReference; lastKnownFileType = image.png; path = delete.png; sourceTree = "<group>"; };
		A24E68F217BBCF800090D2F1 /* delete@2x.png */ = {isa = PBXFileReference; lastKnownFileType = image.png; path = "delete@2x.png"; sourceTree = "<group>"; };
		A24E68F317BBCF800090D2F1 /* edit_text.png */ = {isa = PBXFileReference; lastKnownFileType = image.png; path = edit_text.png; sourceTree = "<group>"; };
		A24E68F417BBCF800090D2F1 /* edit_text@2x.png */ = {isa = PBXFileReference; lastKnownFileType = image.png; path = "edit_text@2x.png"; sourceTree = "<group>"; };
		A24E68F517BBCF800090D2F1 /* information.png */ = {isa = PBXFileReference; lastKnownFileType = image.png; path = information.png; sourceTree = "<group>"; };
		A24E68F617BBCF800090D2F1 /* information@2x.png */ = {isa = PBXFileReference; lastKnownFileType = image.png; path = "information@2x.png"; sourceTree = "<group>"; };
		A24E68F717BBCF800090D2F1 /* link.png */ = {isa = PBXFileReference; lastKnownFileType = image.png; path = link.png; sourceTree = "<group>"; };
		A24E68F817BBCF800090D2F1 /* link@2x.png */ = {isa = PBXFileReference; lastKnownFileType = image.png; path = "link@2x.png"; sourceTree = "<group>"; };
		A24E68F917BBCF800090D2F1 /* up.png */ = {isa = PBXFileReference; lastKnownFileType = image.png; path = up.png; sourceTree = "<group>"; };
		A24E68FA17BBCF800090D2F1 /* up@2x.png */ = {isa = PBXFileReference; lastKnownFileType = image.png; path = "up@2x.png"; sourceTree = "<group>"; };
		A25EF893176D3D7700222144 /* WEStyleTableViewController.h */ = {isa = PBXFileReference; fileEncoding = 4; lastKnownFileType = sourcecode.c.h; path = WEStyleTableViewController.h; sourceTree = "<group>"; };
		A25EF894176D3D7700222144 /* WEStyleTableViewController.m */ = {isa = PBXFileReference; fileEncoding = 4; lastKnownFileType = sourcecode.c.objc; path = WEStyleTableViewController.m; sourceTree = "<group>"; };
		A27C9FED170A6C490095D273 /* WEProjectSettings.h */ = {isa = PBXFileReference; fileEncoding = 4; lastKnownFileType = sourcecode.c.h; name = WEProjectSettings.h; path = Models/WEProjectSettings.h; sourceTree = "<group>"; };
		A27C9FEE170A6C490095D273 /* WEProjectSettings.m */ = {isa = PBXFileReference; fileEncoding = 4; lastKnownFileType = sourcecode.c.objc; name = WEProjectSettings.m; path = Models/WEProjectSettings.m; sourceTree = "<group>"; };
		A27C9FF8170A7D3A0095D273 /* grey_wash_wall_@2X.png */ = {isa = PBXFileReference; lastKnownFileType = image.png; path = "grey_wash_wall_@2X.png"; sourceTree = "<group>"; };
		A27C9FF9170A7D3A0095D273 /* grey_wash_wall.png */ = {isa = PBXFileReference; lastKnownFileType = image.png; path = grey_wash_wall.png; sourceTree = "<group>"; };
		A27D62BA16FC17FB005C114A /* WEEditorViewController.h */ = {isa = PBXFileReference; fileEncoding = 4; lastKnownFileType = sourcecode.c.h; path = WEEditorViewController.h; sourceTree = "<group>"; };
		A27D62BB16FC17FB005C114A /* WEEditorViewController.m */ = {isa = PBXFileReference; fileEncoding = 4; lastKnownFileType = sourcecode.c.objc; path = WEEditorViewController.m; sourceTree = "<group>"; };
		A27D62BC16FC17FB005C114A /* WEEditorViewController.xib */ = {isa = PBXFileReference; fileEncoding = 4; lastKnownFileType = file.xib; path = WEEditorViewController.xib; sourceTree = "<group>"; };
		A27D62C016FC2063005C114A /* dark_exa.png */ = {isa = PBXFileReference; lastKnownFileType = image.png; path = dark_exa.png; sourceTree = "<group>"; };
		A27D62C116FC2063005C114A /* dark_exa_@2X.png */ = {isa = PBXFileReference; lastKnownFileType = image.png; path = "dark_exa_@2X.png"; sourceTree = "<group>"; };
		A29459EF16FACC19004AA401 /* GradientButton.h */ = {isa = PBXFileReference; fileEncoding = 4; lastKnownFileType = sourcecode.c.h; path = GradientButton.h; sourceTree = "<group>"; };
		A29459F016FACC19004AA401 /* GradientButton.m */ = {isa = PBXFileReference; fileEncoding = 4; lastKnownFileType = sourcecode.c.objc; path = GradientButton.m; sourceTree = "<group>"; };
		A29459F316FB59B9004AA401 /* NSArray+WEExtras.h */ = {isa = PBXFileReference; fileEncoding = 4; lastKnownFileType = sourcecode.c.h; name = "NSArray+WEExtras.h"; path = "Categories/NSArray+WEExtras.h"; sourceTree = "<group>"; };
		A29459F416FB59B9004AA401 /* NSArray+WEExtras.m */ = {isa = PBXFileReference; fileEncoding = 4; lastKnownFileType = sourcecode.c.objc; name = "NSArray+WEExtras.m"; path = "Categories/NSArray+WEExtras.m"; sourceTree = "<group>"; };
		A29589E416F0280600BEDBC6 /* WEViewController+ImagePicker.h */ = {isa = PBXFileReference; fileEncoding = 4; lastKnownFileType = sourcecode.c.h; path = "WEViewController+ImagePicker.h"; sourceTree = "<group>"; };
		A29589E516F0280600BEDBC6 /* WEViewController+ImagePicker.m */ = {isa = PBXFileReference; fileEncoding = 4; lastKnownFileType = sourcecode.c.objc; path = "WEViewController+ImagePicker.m"; sourceTree = "<group>"; };
		A29589E716F0287700BEDBC6 /* WEUtils.h */ = {isa = PBXFileReference; fileEncoding = 4; lastKnownFileType = sourcecode.c.h; path = WEUtils.h; sourceTree = "<group>"; };
		A29589E816F0287700BEDBC6 /* WEUtils.m */ = {isa = PBXFileReference; fileEncoding = 4; lastKnownFileType = sourcecode.c.objc; path = WEUtils.m; sourceTree = "<group>"; };
		A297EBF91739F9DF004BBB24 /* WEPageCollectionViewController.h */ = {isa = PBXFileReference; fileEncoding = 4; lastKnownFileType = sourcecode.c.h; path = WEPageCollectionViewController.h; sourceTree = "<group>"; };
		A297EBFA1739F9E0004BBB24 /* WEPageCollectionViewController.m */ = {isa = PBXFileReference; fileEncoding = 4; lastKnownFileType = sourcecode.c.objc; path = WEPageCollectionViewController.m; sourceTree = "<group>"; };
		A297EBFC1739FA66004BBB24 /* WEPageCollectionViewLayout.h */ = {isa = PBXFileReference; fileEncoding = 4; lastKnownFileType = sourcecode.c.h; path = WEPageCollectionViewLayout.h; sourceTree = "<group>"; };
		A297EBFD1739FA66004BBB24 /* WEPageCollectionViewLayout.m */ = {isa = PBXFileReference; fileEncoding = 4; lastKnownFileType = sourcecode.c.objc; path = WEPageCollectionViewLayout.m; sourceTree = "<group>"; };
		A297EBFF1739FC31004BBB24 /* WEPageCell.h */ = {isa = PBXFileReference; fileEncoding = 4; lastKnownFileType = sourcecode.c.h; path = WEPageCell.h; sourceTree = "<group>"; };
		A297EC001739FC31004BBB24 /* WEPageCell.m */ = {isa = PBXFileReference; fileEncoding = 4; lastKnownFileType = sourcecode.c.objc; path = WEPageCell.m; sourceTree = "<group>"; };
		A29CF1AC16EBD37400AB6D38 /* WEDialogViewController.h */ = {isa = PBXFileReference; fileEncoding = 4; lastKnownFileType = sourcecode.c.h; path = WEDialogViewController.h; sourceTree = "<group>"; };
		A29CF1AD16EBD37400AB6D38 /* WEDialogViewController.m */ = {isa = PBXFileReference; fileEncoding = 4; lastKnownFileType = sourcecode.c.objc; path = WEDialogViewController.m; sourceTree = "<group>"; };
		A29CF1AE16EBD37400AB6D38 /* WEWebViewController.h */ = {isa = PBXFileReference; fileEncoding = 4; lastKnownFileType = sourcecode.c.h; path = WEWebViewController.h; sourceTree = "<group>"; };
		A29CF1AF16EBD37400AB6D38 /* WEWebViewController.m */ = {isa = PBXFileReference; fileEncoding = 4; lastKnownFileType = sourcecode.c.objc; path = WEWebViewController.m; sourceTree = "<group>"; };
		A29CF1B216EBD37400AB6D38 /* WebViewJavascriptBridge.h */ = {isa = PBXFileReference; fileEncoding = 4; lastKnownFileType = sourcecode.c.h; path = WebViewJavascriptBridge.h; sourceTree = "<group>"; };
		A29CF1B316EBD37400AB6D38 /* WebViewJavascriptBridge.js.txt */ = {isa = PBXFileReference; fileEncoding = 4; lastKnownFileType = text; path = WebViewJavascriptBridge.js.txt; sourceTree = "<group>"; };
		A29CF1B416EBD37400AB6D38 /* WebViewJavascriptBridge.m */ = {isa = PBXFileReference; fileEncoding = 4; lastKnownFileType = sourcecode.c.objc; path = WebViewJavascriptBridge.m; sourceTree = "<group>"; };
		A29CF1B616EBD37400AB6D38 /* WEPageManager.h */ = {isa = PBXFileReference; fileEncoding = 4; lastKnownFileType = sourcecode.c.h; path = WEPageManager.h; sourceTree = "<group>"; };
		A29CF1B716EBD37400AB6D38 /* WEPageManager.m */ = {isa = PBXFileReference; fileEncoding = 4; lastKnownFileType = sourcecode.c.objc; path = WEPageManager.m; sourceTree = "<group>"; };
		A29CF1B916EBD37400AB6D38 /* WEColumnResizeView.h */ = {isa = PBXFileReference; fileEncoding = 4; lastKnownFileType = sourcecode.c.h; path = WEColumnResizeView.h; sourceTree = "<group>"; };
		A29CF1BA16EBD37400AB6D38 /* WEColumnResizeView.m */ = {isa = PBXFileReference; fileEncoding = 4; lastKnownFileType = sourcecode.c.objc; path = WEColumnResizeView.m; sourceTree = "<group>"; };
		A29CF1C416EBD37C00AB6D38 /* dom.cljs */ = {isa = PBXFileReference; fileEncoding = 4; lastKnownFileType = text; path = dom.cljs; sourceTree = "<group>"; };
		A29CF1C516EBD37C00AB6D38 /* listeners.cljs */ = {isa = PBXFileReference; fileEncoding = 4; lastKnownFileType = text; path = listeners.cljs; sourceTree = "<group>"; };
		A29CF1C616EBD37C00AB6D38 /* main.cljs */ = {isa = PBXFileReference; fileEncoding = 4; lastKnownFileType = text; path = main.cljs; sourceTree = "<group>"; };
		A29CF1CE16EBD37C00AB6D38 /* bootstrap-responsive.css */ = {isa = PBXFileReference; fileEncoding = 4; lastKnownFileType = text.css; path = "bootstrap-responsive.css"; sourceTree = "<group>"; };
		A29CF1CF16EBD37C00AB6D38 /* bootstrap-responsive.min.css */ = {isa = PBXFileReference; fileEncoding = 4; lastKnownFileType = text.css; path = "bootstrap-responsive.min.css"; sourceTree = "<group>"; };
		A29CF1D016EBD37C00AB6D38 /* bootstrap.css */ = {isa = PBXFileReference; fileEncoding = 4; lastKnownFileType = text.css; path = bootstrap.css; sourceTree = "<group>"; };
		A29CF1D116EBD37C00AB6D38 /* bootstrap.min.css */ = {isa = PBXFileReference; fileEncoding = 4; lastKnownFileType = text.css; path = bootstrap.min.css; sourceTree = "<group>"; };
		A29CF1D316EBD37C00AB6D38 /* glyphicons-halflings-white.png */ = {isa = PBXFileReference; lastKnownFileType = image.png; path = "glyphicons-halflings-white.png"; sourceTree = "<group>"; };
		A29CF1D416EBD37C00AB6D38 /* glyphicons-halflings.png */ = {isa = PBXFileReference; lastKnownFileType = image.png; path = "glyphicons-halflings.png"; sourceTree = "<group>"; };
		A29CF1D616EBD37C00AB6D38 /* bootstrap.js */ = {isa = PBXFileReference; fileEncoding = 4; lastKnownFileType = sourcecode.javascript; path = bootstrap.js; sourceTree = "<group>"; };
		A29CF1D716EBD37C00AB6D38 /* bootstrap.min.js */ = {isa = PBXFileReference; fileEncoding = 4; lastKnownFileType = sourcecode.javascript; path = bootstrap.min.js; sourceTree = "<group>"; };
		A29CF1D816EBD37C00AB6D38 /* jquery-1.9.0.min.js */ = {isa = PBXFileReference; fileEncoding = 4; lastKnownFileType = sourcecode.javascript; path = "jquery-1.9.0.min.js"; sourceTree = "<group>"; };
		A29CF1D916EBD37C00AB6D38 /* rangy.js */ = {isa = PBXFileReference; fileEncoding = 4; lastKnownFileType = sourcecode.javascript; path = rangy.js; sourceTree = "<group>"; };
		A29FB3C617009E2D00216969 /* WEActionSelectViewController.h */ = {isa = PBXFileReference; fileEncoding = 4; lastKnownFileType = sourcecode.c.h; path = WEActionSelectViewController.h; sourceTree = "<group>"; };
		A29FB3C717009E2D00216969 /* WEActionSelectViewController.m */ = {isa = PBXFileReference; fileEncoding = 4; lastKnownFileType = sourcecode.c.objc; path = WEActionSelectViewController.m; sourceTree = "<group>"; };
		A2B0B75C175E359600FD2E90 /* WEPageBackgroundView.h */ = {isa = PBXFileReference; fileEncoding = 4; lastKnownFileType = sourcecode.c.h; path = WEPageBackgroundView.h; sourceTree = "<group>"; };
		A2B0B75D175E359600FD2E90 /* WEPageBackgroundView.m */ = {isa = PBXFileReference; fileEncoding = 4; lastKnownFileType = sourcecode.c.objc; path = WEPageBackgroundView.m; sourceTree = "<group>"; };
		A2B5F3A0179201020026A982 /* WELinkViewController.h */ = {isa = PBXFileReference; fileEncoding = 4; lastKnownFileType = sourcecode.c.h; path = WELinkViewController.h; sourceTree = "<group>"; };
		A2B5F3A1179201020026A982 /* WELinkViewController.m */ = {isa = PBXFileReference; fileEncoding = 4; lastKnownFileType = sourcecode.c.objc; path = WELinkViewController.m; sourceTree = "<group>"; };
		A2B5F3A61792018C0026A982 /* WECustomLinkCell.h */ = {isa = PBXFileReference; fileEncoding = 4; lastKnownFileType = sourcecode.c.h; path = WECustomLinkCell.h; sourceTree = "<group>"; };
		A2B5F3A71792018C0026A982 /* WECustomLinkCell.m */ = {isa = PBXFileReference; fileEncoding = 4; lastKnownFileType = sourcecode.c.objc; path = WECustomLinkCell.m; sourceTree = "<group>"; };
		A2B5F3A9179201A90026A982 /* WECustomLinkCell.xib */ = {isa = PBXFileReference; fileEncoding = 4; lastKnownFileType = file.xib; path = WECustomLinkCell.xib; sourceTree = "<group>"; };
		A2BBBAB117B9FD7700DFD1E1 /* WEBodyBackgroundCell.xib */ = {isa = PBXFileReference; fileEncoding = 4; lastKnownFileType = file.xib; path = WEBodyBackgroundCell.xib; sourceTree = "<group>"; };
		A2BBBAB317B9FDAE00DFD1E1 /* WEBodyBackgroundCell.h */ = {isa = PBXFileReference; fileEncoding = 4; lastKnownFileType = sourcecode.c.h; path = WEBodyBackgroundCell.h; sourceTree = "<group>"; };
		A2BBBAB417B9FDAE00DFD1E1 /* WEBodyBackgroundCell.m */ = {isa = PBXFileReference; fileEncoding = 4; lastKnownFileType = sourcecode.c.objc; path = WEBodyBackgroundCell.m; sourceTree = "<group>"; };
		A2D15F15171243C4009FF2D8 /* elements.cljs */ = {isa = PBXFileReference; fileEncoding = 4; lastKnownFileType = text; path = elements.cljs; sourceTree = "<group>"; };
		A2E00C56170945510024EA42 /* dir.cljs */ = {isa = PBXFileReference; fileEncoding = 4; lastKnownFileType = text; path = dir.cljs; sourceTree = "<group>"; };
		A2E00C57170945510024EA42 /* html.cljs */ = {isa = PBXFileReference; fileEncoding = 4; lastKnownFileType = text; path = html.cljs; sourceTree = "<group>"; };
		A2E7722E176D4B41006D281D /* WEStyleCell.h */ = {isa = PBXFileReference; fileEncoding = 4; lastKnownFileType = sourcecode.c.h; path = WEStyleCell.h; sourceTree = "<group>"; };
		A2E7722F176D4B41006D281D /* WEStyleCell.m */ = {isa = PBXFileReference; fileEncoding = 4; lastKnownFileType = sourcecode.c.objc; path = WEStyleCell.m; sourceTree = "<group>"; };
		A2ECB8E01718E416003F9E36 /* bootstrap-responsive.css */ = {isa = PBXFileReference; fileEncoding = 4; lastKnownFileType = text.css; path = "bootstrap-responsive.css"; sourceTree = "<group>"; };
		A2ECB8E11718E416003F9E36 /* bootstrap-responsive.min.css */ = {isa = PBXFileReference; fileEncoding = 4; lastKnownFileType = text.css; path = "bootstrap-responsive.min.css"; sourceTree = "<group>"; };
		A2ECB8E21718E416003F9E36 /* bootstrap.css */ = {isa = PBXFileReference; fileEncoding = 4; lastKnownFileType = text.css; path = bootstrap.css; sourceTree = "<group>"; };
		A2ECB8E31718E416003F9E36 /* bootstrap.min.css */ = {isa = PBXFileReference; fileEncoding = 4; lastKnownFileType = text.css; path = bootstrap.min.css; sourceTree = "<group>"; };
		A2ECB8E41718E416003F9E36 /* development.css */ = {isa = PBXFileReference; fileEncoding = 4; lastKnownFileType = text.css; path = development.css; sourceTree = "<group>"; };
		A2ECB8E51718E416003F9E36 /* override.css */ = {isa = PBXFileReference; fileEncoding = 4; lastKnownFileType = text.css; path = override.css; sourceTree = "<group>"; };
		A2ECB8E71718E416003F9E36 /* #development.html# */ = {isa = PBXFileReference; fileEncoding = 4; lastKnownFileType = text; path = "#development.html#"; sourceTree = "<group>"; };
		A2ECB8E81718E416003F9E36 /* development.html */ = {isa = PBXFileReference; fileEncoding = 4; lastKnownFileType = text.html; path = development.html; sourceTree = "<group>"; };
		A2ECB8E91718E416003F9E36 /* production.html */ = {isa = PBXFileReference; fileEncoding = 4; lastKnownFileType = text.html; path = production.html; sourceTree = "<group>"; };
		A2ECB8EA1718E416003F9E36 /* test.html */ = {isa = PBXFileReference; fileEncoding = 4; lastKnownFileType = text.html; path = test.html; sourceTree = "<group>"; };
		A2ECB8EC1718E416003F9E36 /* bootstrap-lightbox.js */ = {isa = PBXFileReference; fileEncoding = 4; lastKnownFileType = sourcecode.javascript; path = "bootstrap-lightbox.js"; sourceTree = "<group>"; };
		A2ECB8ED1718E416003F9E36 /* bootstrap.js */ = {isa = PBXFileReference; fileEncoding = 4; lastKnownFileType = sourcecode.javascript; path = bootstrap.js; sourceTree = "<group>"; };
		A2ECB8EE1718E416003F9E36 /* bootstrap.min.js */ = {isa = PBXFileReference; fileEncoding = 4; lastKnownFileType = sourcecode.javascript; path = bootstrap.min.js; sourceTree = "<group>"; };
		A2ECB8EF1718E416003F9E36 /* development.js */ = {isa = PBXFileReference; fileEncoding = 4; lastKnownFileType = sourcecode.javascript; path = development.js; sourceTree = "<group>"; };
		A2ECB8F01718E416003F9E36 /* jquery-1.9.0.min.js */ = {isa = PBXFileReference; fileEncoding = 4; lastKnownFileType = sourcecode.javascript; path = "jquery-1.9.0.min.js"; sourceTree = "<group>"; };
		A2ECB8F11718E416003F9E36 /* rangy.js */ = {isa = PBXFileReference; fileEncoding = 4; lastKnownFileType = sourcecode.javascript; path = rangy.js; sourceTree = "<group>"; };
		A2F0540216F975B3008061EE /* WEImagePopoverViewController.h */ = {isa = PBXFileReference; fileEncoding = 4; lastKnownFileType = sourcecode.c.h; path = WEImagePopoverViewController.h; sourceTree = "<group>"; };
		A2F0540316F975B3008061EE /* WEImagePopoverViewController.m */ = {isa = PBXFileReference; fileEncoding = 4; lastKnownFileType = sourcecode.c.objc; path = WEImagePopoverViewController.m; sourceTree = "<group>"; };
		A2F12493170792C80012D1AF /* UIImage+WEExtras.h */ = {isa = PBXFileReference; fileEncoding = 4; lastKnownFileType = sourcecode.c.h; name = "UIImage+WEExtras.h"; path = "Categories/UIImage+WEExtras.h"; sourceTree = "<group>"; };
		A2F12494170792C80012D1AF /* UIImage+WEExtras.m */ = {isa = PBXFileReference; fileEncoding = 4; lastKnownFileType = sourcecode.c.objc; name = "UIImage+WEExtras.m"; path = "Categories/UIImage+WEExtras.m"; sourceTree = "<group>"; };
		A2F80566176E57F70030A97A /* WEStyleCell.xib */ = {isa = PBXFileReference; fileEncoding = 4; lastKnownFileType = file.xib; path = WEStyleCell.xib; sourceTree = "<group>"; };
		A2F80568176E84270030A97A /* UITableViewController+UITableViewControllerAdditions.h */ = {isa = PBXFileReference; fileEncoding = 4; lastKnownFileType = sourcecode.c.h; path = "UITableViewController+UITableViewControllerAdditions.h"; sourceTree = "<group>"; };
		A2F80569176E84270030A97A /* UITableViewController+UITableViewControllerAdditions.m */ = {isa = PBXFileReference; fileEncoding = 4; lastKnownFileType = sourcecode.c.objc; path = "UITableViewController+UITableViewControllerAdditions.m"; sourceTree = "<group>"; };
/* End PBXFileReference section */

/* Begin PBXFrameworksBuildPhase section */
		A20CB1BD16B8F4CF00AF858B /* Frameworks */ = {
			isa = PBXFrameworksBuildPhase;
			buildActionMask = 2147483647;
			files = (
				A20CB1C416B8F4CF00AF858B /* UIKit.framework in Frameworks */,
				A20CB1C616B8F4CF00AF858B /* Foundation.framework in Frameworks */,
				A20CB1C816B8F4CF00AF858B /* CoreGraphics.framework in Frameworks */,
				A22BEB0217016D9F0039625D /* AWSiOSSDK.framework in Frameworks */,
			);
			runOnlyForDeploymentPostprocessing = 0;
		};
/* End PBXFrameworksBuildPhase section */

/* Begin PBXGroup section */
		A20CB1B716B8F4CF00AF858B = {
			isa = PBXGroup;
			children = (
				A20CB1C916B8F4CF00AF858B /* WebsterEditor */,
				A20CB1C216B8F4CF00AF858B /* Frameworks */,
				A20CB1C116B8F4CF00AF858B /* Products */,
			);
			sourceTree = "<group>";
		};
		A20CB1C116B8F4CF00AF858B /* Products */ = {
			isa = PBXGroup;
			children = (
				A20CB1C016B8F4CF00AF858B /* WebsterEditor.app */,
			);
			name = Products;
			sourceTree = "<group>";
		};
		A20CB1C216B8F4CF00AF858B /* Frameworks */ = {
			isa = PBXGroup;
			children = (
				A22BEB0117016D9F0039625D /* AWSiOSSDK.framework */,
				A20CB1C316B8F4CF00AF858B /* UIKit.framework */,
				A20CB1C516B8F4CF00AF858B /* Foundation.framework */,
				A20CB1C716B8F4CF00AF858B /* CoreGraphics.framework */,
			);
			name = Frameworks;
			sourceTree = "<group>";
		};
		A20CB1C916B8F4CF00AF858B /* WebsterEditor */ = {
			isa = PBXGroup;
			children = (
				A29CF1C116EBD37C00AB6D38 /* client */,
				A29CF1AA16EBD37400AB6D38 /* Classes */,
				A20CB1D216B8F4CF00AF858B /* WEAppDelegate.h */,
				A20CB1D316B8F4CF00AF858B /* WEAppDelegate.m */,
				A20CB1DE16B8F4CF00AF858B /* WEWebViewController_iPhone.xib */,
				A20CB1E116B8F4CF00AF858B /* WEWebViewController_iPad.xib */,
				A20CB1CA16B8F4CF00AF858B /* Supporting Files */,
				A27D62BF16FC2063005C114A /* Resources */,
			);
			path = WebsterEditor;
			sourceTree = "<group>";
		};
		A20CB1CA16B8F4CF00AF858B /* Supporting Files */ = {
			isa = PBXGroup;
			children = (
				A22BEB0317016FE40039625D /* config.json */,
				A20CB1CB16B8F4CF00AF858B /* WebsterEditor-Info.plist */,
				A20CB1CC16B8F4CF00AF858B /* InfoPlist.strings */,
				A20CB1CF16B8F4CF00AF858B /* main.m */,
				A20CB1D116B8F4CF00AF858B /* WebsterEditor-Prefix.pch */,
				A20CB1D516B8F4CF00AF858B /* Default.png */,
				A20CB1D716B8F4CF00AF858B /* Default@2x.png */,
				A20CB1D916B8F4CF00AF858B /* Default-568h@2x.png */,
			);
			name = "Supporting Files";
			sourceTree = "<group>";
		};
		A24E68EC17BBCF800090D2F1 /* icons */ = {
			isa = PBXGroup;
			children = (
				A24E68ED17BBCF800090D2F1 /* add-image.png */,
				A24E68EE17BBCF800090D2F1 /* add-image@2x.png */,
				A24E68EF17BBCF800090D2F1 /* add.png */,
				A24E68F017BBCF800090D2F1 /* add@2x.png */,
				A24E68F117BBCF800090D2F1 /* delete.png */,
				A24E68F217BBCF800090D2F1 /* delete@2x.png */,
				A24E68F317BBCF800090D2F1 /* edit_text.png */,
				A24E68F417BBCF800090D2F1 /* edit_text@2x.png */,
				A24E68F517BBCF800090D2F1 /* information.png */,
				A24E68F617BBCF800090D2F1 /* information@2x.png */,
				A24E68F717BBCF800090D2F1 /* link.png */,
				A24E68F817BBCF800090D2F1 /* link@2x.png */,
				A24E68F917BBCF800090D2F1 /* up.png */,
				A24E68FA17BBCF800090D2F1 /* up@2x.png */,
			);
			path = icons;
			sourceTree = "<group>";
		};
		A27C9FEC170A6C2B0095D273 /* Models */ = {
			isa = PBXGroup;
			children = (
				A27C9FED170A6C490095D273 /* WEProjectSettings.h */,
				A27C9FEE170A6C490095D273 /* WEProjectSettings.m */,
			);
			name = Models;
			sourceTree = "<group>";
		};
		A27D62BF16FC2063005C114A /* Resources */ = {
			isa = PBXGroup;
			children = (
				A24E68EC17BBCF800090D2F1 /* icons */,
				A27C9FF8170A7D3A0095D273 /* grey_wash_wall_@2X.png */,
				A27C9FF9170A7D3A0095D273 /* grey_wash_wall.png */,
				A27D62C016FC2063005C114A /* dark_exa.png */,
				A27D62C116FC2063005C114A /* dark_exa_@2X.png */,
			);
			path = Resources;
			sourceTree = "<group>";
		};
		A29459F216FB5998004AA401 /* Categories */ = {
			isa = PBXGroup;
			children = (
				A2282F73170349250034214A /* NSThread+BlockAdditions.h */,
				A2282F74170349250034214A /* NSThread+BlockAdditions.m */,
				A29459F316FB59B9004AA401 /* NSArray+WEExtras.h */,
				A29459F416FB59B9004AA401 /* NSArray+WEExtras.m */,
				A2F12493170792C80012D1AF /* UIImage+WEExtras.h */,
				A2F12494170792C80012D1AF /* UIImage+WEExtras.m */,
			);
			name = Categories;
			sourceTree = "<group>";
		};
		A29CF1AA16EBD37400AB6D38 /* Classes */ = {
			isa = PBXGroup;
			children = (
				A27C9FEC170A6C2B0095D273 /* Models */,
				A29CF1AB16EBD37400AB6D38 /* Controllers */,
				A29CF1B016EBD37400AB6D38 /* Libraries */,
				A29CF1B516EBD37400AB6D38 /* Managers */,
				A29CF1B816EBD37400AB6D38 /* Views */,
				A29459F216FB5998004AA401 /* Categories */,
			);
			path = Classes;
			sourceTree = "<group>";
		};
		A29CF1AB16EBD37400AB6D38 /* Controllers */ = {
			isa = PBXGroup;
			children = (
				A29CF1AC16EBD37400AB6D38 /* WEDialogViewController.h */,
				A29CF1AD16EBD37400AB6D38 /* WEDialogViewController.m */,
				A29CF1AE16EBD37400AB6D38 /* WEWebViewController.h */,
				A29CF1AF16EBD37400AB6D38 /* WEWebViewController.m */,
				A29589E416F0280600BEDBC6 /* WEViewController+ImagePicker.h */,
				A29589E516F0280600BEDBC6 /* WEViewController+ImagePicker.m */,
				A2F0540216F975B3008061EE /* WEImagePopoverViewController.h */,
				A2F0540316F975B3008061EE /* WEImagePopoverViewController.m */,
				A27D62BA16FC17FB005C114A /* WEEditorViewController.h */,
				A27D62BB16FC17FB005C114A /* WEEditorViewController.m */,
				A27D62BC16FC17FB005C114A /* WEEditorViewController.xib */,
				A29FB3C617009E2D00216969 /* WEActionSelectViewController.h */,
				A29FB3C717009E2D00216969 /* WEActionSelectViewController.m */,
				A239B61D1708D2EA00109734 /* WEProjectsViewController.h */,
				A239B61E1708D2EA00109734 /* WEProjectsViewController.m */,
				A297EBF91739F9DF004BBB24 /* WEPageCollectionViewController.h */,
				A297EBFA1739F9E0004BBB24 /* WEPageCollectionViewController.m */,
				A25EF893176D3D7700222144 /* WEStyleTableViewController.h */,
				A25EF894176D3D7700222144 /* WEStyleTableViewController.m */,
				A2B5F3A0179201020026A982 /* WELinkViewController.h */,
				A2B5F3A1179201020026A982 /* WELinkViewController.m */,
			);
			path = Controllers;
			sourceTree = "<group>";
		};
		A29CF1B016EBD37400AB6D38 /* Libraries */ = {
			isa = PBXGroup;
			children = (
				A29CF1B116EBD37400AB6D38 /* WebViewJavascriptBridge */,
				A29589E716F0287700BEDBC6 /* WEUtils.h */,
				A29589E816F0287700BEDBC6 /* WEUtils.m */,
				A2F80568176E84270030A97A /* UITableViewController+UITableViewControllerAdditions.h */,
				A2F80569176E84270030A97A /* UITableViewController+UITableViewControllerAdditions.m */,
			);
			path = Libraries;
			sourceTree = "<group>";
		};
		A29CF1B116EBD37400AB6D38 /* WebViewJavascriptBridge */ = {
			isa = PBXGroup;
			children = (
				A29CF1B216EBD37400AB6D38 /* WebViewJavascriptBridge.h */,
				A29CF1B316EBD37400AB6D38 /* WebViewJavascriptBridge.js.txt */,
				A29CF1B416EBD37400AB6D38 /* WebViewJavascriptBridge.m */,
			);
			path = WebViewJavascriptBridge;
			sourceTree = "<group>";
		};
		A29CF1B516EBD37400AB6D38 /* Managers */ = {
			isa = PBXGroup;
			children = (
				A29CF1B616EBD37400AB6D38 /* WEPageManager.h */,
				A29CF1B716EBD37400AB6D38 /* WEPageManager.m */,
			);
			path = Managers;
			sourceTree = "<group>";
		};
		A29CF1B816EBD37400AB6D38 /* Views */ = {
			isa = PBXGroup;
			children = (
				A29459EF16FACC19004AA401 /* GradientButton.h */,
				A29459F016FACC19004AA401 /* GradientButton.m */,
				A29CF1B916EBD37400AB6D38 /* WEColumnResizeView.h */,
				A29CF1BA16EBD37400AB6D38 /* WEColumnResizeView.m */,
				A239B6221708E05700109734 /* WEProjectCell.h */,
				A239B6231708E05700109734 /* WEProjectCell.m */,
				A239B6281708E85E00109734 /* WEAddProjectCell.h */,
				A239B6291708E85E00109734 /* WEAddProjectCell.m */,
				A239B6251708E0E800109734 /* WEProjectCollectionViewLayout.h */,
				A239B6261708E0E800109734 /* WEProjectCollectionViewLayout.m */,
				A297EBFC1739FA66004BBB24 /* WEPageCollectionViewLayout.h */,
				A297EBFD1739FA66004BBB24 /* WEPageCollectionViewLayout.m */,
				A297EBFF1739FC31004BBB24 /* WEPageCell.h */,
				A297EC001739FC31004BBB24 /* WEPageCell.m */,
				A23E7DE9173AA34B004CDDF7 /* WEAddPageCell.h */,
				A23E7DEA173AA34B004CDDF7 /* WEAddPageCell.m */,
				A2B0B75C175E359600FD2E90 /* WEPageBackgroundView.h */,
				A2B0B75D175E359600FD2E90 /* WEPageBackgroundView.m */,
				A2E7722E176D4B41006D281D /* WEStyleCell.h */,
				A2E7722F176D4B41006D281D /* WEStyleCell.m */,
				A2F80566176E57F70030A97A /* WEStyleCell.xib */,
				A2B5F3A61792018C0026A982 /* WECustomLinkCell.h */,
				A2B5F3A71792018C0026A982 /* WECustomLinkCell.m */,
				A2B5F3A9179201A90026A982 /* WECustomLinkCell.xib */,
				A2BBBAB317B9FDAE00DFD1E1 /* WEBodyBackgroundCell.h */,
				A2BBBAB417B9FDAE00DFD1E1 /* WEBodyBackgroundCell.m */,
				A2BBBAB117B9FD7700DFD1E1 /* WEBodyBackgroundCell.xib */,
			);
			path = Views;
			sourceTree = "<group>";
		};
		A29CF1C116EBD37C00AB6D38 /* client */ = {
			isa = PBXGroup;
			children = (
				A2ECB8DD1718E416003F9E36 /* resources */,
				A29CF1C216EBD37C00AB6D38 /* src */,
				A29CF1CB16EBD37C00AB6D38 /* vendor */,
			);
			path = client;
			sourceTree = "<group>";
		};
		A29CF1C216EBD37C00AB6D38 /* src */ = {
			isa = PBXGroup;
			children = (
				A29CF1C316EBD37C00AB6D38 /* cljs */,
			);
			path = src;
			sourceTree = "<group>";
		};
		A29CF1C316EBD37C00AB6D38 /* cljs */ = {
			isa = PBXGroup;
			children = (
				A2D15F15171243C4009FF2D8 /* elements.cljs */,
				A2E00C56170945510024EA42 /* dir.cljs */,
				A2E00C57170945510024EA42 /* html.cljs */,
				A29CF1C416EBD37C00AB6D38 /* dom.cljs */,
				A29CF1C516EBD37C00AB6D38 /* listeners.cljs */,
				A29CF1C616EBD37C00AB6D38 /* main.cljs */,
			);
			path = cljs;
			sourceTree = "<group>";
		};
		A29CF1CB16EBD37C00AB6D38 /* vendor */ = {
			isa = PBXGroup;
			children = (
				A29CF1CC16EBD37C00AB6D38 /* bootstrap */,
				A29CF1D816EBD37C00AB6D38 /* jquery-1.9.0.min.js */,
				A29CF1D916EBD37C00AB6D38 /* rangy.js */,
				A2282F76170491C00034214A /* bootstrap-lightbox.js */,
			);
			path = vendor;
			sourceTree = "<group>";
		};
		A29CF1CC16EBD37C00AB6D38 /* bootstrap */ = {
			isa = PBXGroup;
			children = (
				A29CF1CD16EBD37C00AB6D38 /* css */,
				A29CF1D216EBD37C00AB6D38 /* img */,
				A29CF1D516EBD37C00AB6D38 /* js */,
			);
			path = bootstrap;
			sourceTree = "<group>";
		};
		A29CF1CD16EBD37C00AB6D38 /* css */ = {
			isa = PBXGroup;
			children = (
				A29CF1CE16EBD37C00AB6D38 /* bootstrap-responsive.css */,
				A29CF1CF16EBD37C00AB6D38 /* bootstrap-responsive.min.css */,
				A29CF1D016EBD37C00AB6D38 /* bootstrap.css */,
				A29CF1D116EBD37C00AB6D38 /* bootstrap.min.css */,
			);
			path = css;
			sourceTree = "<group>";
		};
		A29CF1D216EBD37C00AB6D38 /* img */ = {
			isa = PBXGroup;
			children = (
				A29CF1D316EBD37C00AB6D38 /* glyphicons-halflings-white.png */,
				A29CF1D416EBD37C00AB6D38 /* glyphicons-halflings.png */,
			);
			path = img;
			sourceTree = "<group>";
		};
		A29CF1D516EBD37C00AB6D38 /* js */ = {
			isa = PBXGroup;
			children = (
				A29CF1D616EBD37C00AB6D38 /* bootstrap.js */,
				A29CF1D716EBD37C00AB6D38 /* bootstrap.min.js */,
			);
			path = js;
			sourceTree = "<group>";
		};
		A2ECB8DD1718E416003F9E36 /* resources */ = {
			isa = PBXGroup;
			children = (
				A2ECB8DE1718E416003F9E36 /* public */,
			);
			path = resources;
			sourceTree = "<group>";
		};
		A2ECB8DE1718E416003F9E36 /* public */ = {
			isa = PBXGroup;
			children = (
				A2ECB8DF1718E416003F9E36 /* css */,
				A2ECB8E61718E416003F9E36 /* html */,
				A2ECB8EB1718E416003F9E36 /* js */,
			);
			path = public;
			sourceTree = "<group>";
		};
		A2ECB8DF1718E416003F9E36 /* css */ = {
			isa = PBXGroup;
			children = (
				A2ECB8E01718E416003F9E36 /* bootstrap-responsive.css */,
				A2ECB8E11718E416003F9E36 /* bootstrap-responsive.min.css */,
				A2ECB8E21718E416003F9E36 /* bootstrap.css */,
				A2ECB8E31718E416003F9E36 /* bootstrap.min.css */,
				A2ECB8E41718E416003F9E36 /* development.css */,
				A2ECB8E51718E416003F9E36 /* override.css */,
			);
			path = css;
			sourceTree = "<group>";
		};
		A2ECB8E61718E416003F9E36 /* html */ = {
			isa = PBXGroup;
			children = (
				A2ECB8E71718E416003F9E36 /* #development.html# */,
				A2ECB8E81718E416003F9E36 /* development.html */,
				A2ECB8E91718E416003F9E36 /* production.html */,
				A2ECB8EA1718E416003F9E36 /* test.html */,
			);
			path = html;
			sourceTree = "<group>";
		};
		A2ECB8EB1718E416003F9E36 /* js */ = {
			isa = PBXGroup;
			children = (
				A2ECB8EC1718E416003F9E36 /* bootstrap-lightbox.js */,
				A2ECB8ED1718E416003F9E36 /* bootstrap.js */,
				A2ECB8EE1718E416003F9E36 /* bootstrap.min.js */,
				A2ECB8EF1718E416003F9E36 /* development.js */,
				A2ECB8F01718E416003F9E36 /* jquery-1.9.0.min.js */,
				A2ECB8F11718E416003F9E36 /* rangy.js */,
			);
			path = js;
			sourceTree = "<group>";
		};
/* End PBXGroup section */

/* Begin PBXNativeTarget section */
		A20CB1BF16B8F4CF00AF858B /* WebsterEditor */ = {
			isa = PBXNativeTarget;
			buildConfigurationList = A20CB1E616B8F4CF00AF858B /* Build configuration list for PBXNativeTarget "WebsterEditor" */;
			buildPhases = (
				A2CCDEA816C1AB2600E30540 /* Compile cljs */,
				A20CB1BC16B8F4CF00AF858B /* Sources */,
				A20CB1BD16B8F4CF00AF858B /* Frameworks */,
				A20CB1BE16B8F4CF00AF858B /* Resources */,
			);
			buildRules = (
			);
			dependencies = (
			);
			name = WebsterEditor;
			productName = WebsterEditor;
			productReference = A20CB1C016B8F4CF00AF858B /* WebsterEditor.app */;
			productType = "com.apple.product-type.application";
		};
/* End PBXNativeTarget section */

/* Begin PBXProject section */
		A20CB1B816B8F4CF00AF858B /* Project object */ = {
			isa = PBXProject;
			attributes = {
				CLASSPREFIX = WE;
				LastUpgradeCheck = 0460;
				ORGANIZATIONNAME = "pierre larochelle";
			};
			buildConfigurationList = A20CB1BB16B8F4CF00AF858B /* Build configuration list for PBXProject "WebsterEditor" */;
			compatibilityVersion = "Xcode 3.2";
			developmentRegion = English;
			hasScannedForEncodings = 0;
			knownRegions = (
				en,
			);
			mainGroup = A20CB1B716B8F4CF00AF858B;
			productRefGroup = A20CB1C116B8F4CF00AF858B /* Products */;
			projectDirPath = "";
			projectRoot = "";
			targets = (
				A20CB1BF16B8F4CF00AF858B /* WebsterEditor */,
			);
		};
/* End PBXProject section */

/* Begin PBXResourcesBuildPhase section */
		A20CB1BE16B8F4CF00AF858B /* Resources */ = {
			isa = PBXResourcesBuildPhase;
			buildActionMask = 2147483647;
			files = (
				A2ECB9021718E465003F9E36 /* bootstrap-lightbox.js in Resources */,
				A2ECB9031718E465003F9E36 /* bootstrap.js in Resources */,
				A2ECB9041718E465003F9E36 /* bootstrap.min.js in Resources */,
				A2ECB9051718E465003F9E36 /* development.js in Resources */,
				A2ECB9061718E465003F9E36 /* jquery-1.9.0.min.js in Resources */,
				A2ECB9071718E465003F9E36 /* rangy.js in Resources */,
				A20CB1CE16B8F4CF00AF858B /* InfoPlist.strings in Resources */,
				A20CB1D616B8F4CF00AF858B /* Default.png in Resources */,
				A20CB1D816B8F4CF00AF858B /* Default@2x.png in Resources */,
				A20CB1DA16B8F4CF00AF858B /* Default-568h@2x.png in Resources */,
				A20CB1E016B8F4CF00AF858B /* WEWebViewController_iPhone.xib in Resources */,
				A20CB1E316B8F4CF00AF858B /* WEWebViewController_iPad.xib in Resources */,
				A29CF1BD16EBD37400AB6D38 /* WebViewJavascriptBridge.js.txt in Resources */,
				A29CF1E316EBD37C00AB6D38 /* glyphicons-halflings-white.png in Resources */,
				A29CF1E416EBD37C00AB6D38 /* glyphicons-halflings.png in Resources */,
				A27D62BE16FC17FB005C114A /* WEEditorViewController.xib in Resources */,
				A27D62C216FC2063005C114A /* dark_exa.png in Resources */,
				A27D62C316FC2063005C114A /* dark_exa_@2X.png in Resources */,
				A22BEB0417016FE40039625D /* config.json in Resources */,
				A27C9FFA170A7D3A0095D273 /* grey_wash_wall_@2X.png in Resources */,
				A27C9FFB170A7D3A0095D273 /* grey_wash_wall.png in Resources */,
				A2ECB8F21718E416003F9E36 /* bootstrap-responsive.css in Resources */,
				A2ECB8F31718E416003F9E36 /* bootstrap-responsive.min.css in Resources */,
				A2ECB8F41718E416003F9E36 /* bootstrap.css in Resources */,
				A2ECB8F51718E416003F9E36 /* bootstrap.min.css in Resources */,
				A2ECB8F61718E416003F9E36 /* development.css in Resources */,
				A2ECB8F71718E416003F9E36 /* override.css in Resources */,
				A2ECB8F91718E416003F9E36 /* development.html in Resources */,
				A2ECB8FA1718E416003F9E36 /* production.html in Resources */,
				A2ECB8FB1718E416003F9E36 /* test.html in Resources */,
				A2F80567176E57F70030A97A /* WEStyleCell.xib in Resources */,
				A2B5F3AA179201A90026A982 /* WECustomLinkCell.xib in Resources */,
				A2BBBAB217B9FD7700DFD1E1 /* WEBodyBackgroundCell.xib in Resources */,
				A24E68FB17BBCF800090D2F1 /* add-image.png in Resources */,
				A24E68FC17BBCF800090D2F1 /* add-image@2x.png in Resources */,
				A24E68FD17BBCF800090D2F1 /* add.png in Resources */,
				A24E68FE17BBCF800090D2F1 /* add@2x.png in Resources */,
				A24E68FF17BBCF800090D2F1 /* delete.png in Resources */,
				A24E690017BBCF800090D2F1 /* delete@2x.png in Resources */,
				A24E690117BBCF800090D2F1 /* edit_text.png in Resources */,
				A24E690217BBCF800090D2F1 /* edit_text@2x.png in Resources */,
				A24E690317BBCF800090D2F1 /* information.png in Resources */,
				A24E690417BBCF800090D2F1 /* information@2x.png in Resources */,
				A24E690517BBCF800090D2F1 /* link.png in Resources */,
				A24E690617BBCF800090D2F1 /* link@2x.png in Resources */,
				A24E690717BBCF800090D2F1 /* up.png in Resources */,
				A24E690817BBCF800090D2F1 /* up@2x.png in Resources */,
			);
			runOnlyForDeploymentPostprocessing = 0;
		};
/* End PBXResourcesBuildPhase section */

/* Begin PBXShellScriptBuildPhase section */
		A2CCDEA816C1AB2600E30540 /* Compile cljs */ = {
			isa = PBXShellScriptBuildPhase;
			buildActionMask = 2147483647;
			files = (
			);
			inputPaths = (
			);
			name = "Compile cljs";
			outputPaths = (
			);
			runOnlyForDeploymentPostprocessing = 0;
			shellPath = /bin/bash;
			shellScript = "#/Users/pierrelarochelle/Documents/Source/clojurescript/bin/cljsc WebsterEditor/client '{:optimizations :simple :pretty-print true}' > WebsterEditor/custom.js";
			showEnvVarsInLog = 0;
		};
/* End PBXShellScriptBuildPhase section */

/* Begin PBXSourcesBuildPhase section */
		A20CB1BC16B8F4CF00AF858B /* Sources */ = {
			isa = PBXSourcesBuildPhase;
			buildActionMask = 2147483647;
			files = (
				A20CB1D016B8F4CF00AF858B /* main.m in Sources */,
				A20CB1D416B8F4CF00AF858B /* WEAppDelegate.m in Sources */,
				A29CF1BB16EBD37400AB6D38 /* WEDialogViewController.m in Sources */,
				A29CF1BC16EBD37400AB6D38 /* WEWebViewController.m in Sources */,
				A29CF1BE16EBD37400AB6D38 /* WebViewJavascriptBridge.m in Sources */,
				A29CF1BF16EBD37400AB6D38 /* WEPageManager.m in Sources */,
				A29CF1C016EBD37400AB6D38 /* WEColumnResizeView.m in Sources */,
				A29589E616F0280600BEDBC6 /* WEViewController+ImagePicker.m in Sources */,
				A29589E916F0287700BEDBC6 /* WEUtils.m in Sources */,
				A2F0540416F975B3008061EE /* WEImagePopoverViewController.m in Sources */,
				A29459F116FACC19004AA401 /* GradientButton.m in Sources */,
				A29459F516FB59B9004AA401 /* NSArray+WEExtras.m in Sources */,
				A27D62BD16FC17FB005C114A /* WEEditorViewController.m in Sources */,
				A29FB3C817009E2D00216969 /* WEActionSelectViewController.m in Sources */,
				A2282F75170349250034214A /* NSThread+BlockAdditions.m in Sources */,
				A2F12495170792C80012D1AF /* UIImage+WEExtras.m in Sources */,
				A239B6201708D2EA00109734 /* WEProjectsViewController.m in Sources */,
				A239B6241708E05700109734 /* WEProjectCell.m in Sources */,
				A239B6271708E0E800109734 /* WEProjectCollectionViewLayout.m in Sources */,
				A239B62A1708E85E00109734 /* WEAddProjectCell.m in Sources */,
				A27C9FEF170A6C490095D273 /* WEProjectSettings.m in Sources */,
				A297EBFB1739F9E0004BBB24 /* WEPageCollectionViewController.m in Sources */,
				A297EBFE1739FA67004BBB24 /* WEPageCollectionViewLayout.m in Sources */,
				A297EC011739FC31004BBB24 /* WEPageCell.m in Sources */,
				A23E7DEB173AA34B004CDDF7 /* WEAddPageCell.m in Sources */,
				A2B0B75E175E359600FD2E90 /* WEPageBackgroundView.m in Sources */,
				A25EF895176D3D7700222144 /* WEStyleTableViewController.m in Sources */,
				A2E77230176D4B41006D281D /* WEStyleCell.m in Sources */,
				A2F8056A176E84270030A97A /* UITableViewController+UITableViewControllerAdditions.m in Sources */,
				A2B5F3A2179201020026A982 /* WELinkViewController.m in Sources */,
				A2B5F3A81792018C0026A982 /* WECustomLinkCell.m in Sources */,
				A2BBBAB517B9FDAE00DFD1E1 /* WEBodyBackgroundCell.m in Sources */,
			);
			runOnlyForDeploymentPostprocessing = 0;
		};
/* End PBXSourcesBuildPhase section */

/* Begin PBXVariantGroup section */
		A20CB1CC16B8F4CF00AF858B /* InfoPlist.strings */ = {
			isa = PBXVariantGroup;
			children = (
				A20CB1CD16B8F4CF00AF858B /* en */,
			);
			name = InfoPlist.strings;
			sourceTree = "<group>";
		};
		A20CB1DE16B8F4CF00AF858B /* WEWebViewController_iPhone.xib */ = {
			isa = PBXVariantGroup;
			children = (
				A20CB1DF16B8F4CF00AF858B /* en */,
			);
			name = WEWebViewController_iPhone.xib;
			sourceTree = "<group>";
		};
		A20CB1E116B8F4CF00AF858B /* WEWebViewController_iPad.xib */ = {
			isa = PBXVariantGroup;
			children = (
				A20CB1E216B8F4CF00AF858B /* en */,
			);
			name = WEWebViewController_iPad.xib;
			sourceTree = "<group>";
		};
/* End PBXVariantGroup section */

/* Begin XCBuildConfiguration section */
		A20CB1E416B8F4CF00AF858B /* Debug */ = {
			isa = XCBuildConfiguration;
			buildSettings = {
				ALWAYS_SEARCH_USER_PATHS = NO;
				CLANG_CXX_LANGUAGE_STANDARD = "gnu++0x";
				CLANG_CXX_LIBRARY = "libc++";
				CLANG_ENABLE_OBJC_ARC = YES;
				CLANG_WARN_CONSTANT_CONVERSION = YES;
				CLANG_WARN_EMPTY_BODY = YES;
				CLANG_WARN_ENUM_CONVERSION = YES;
				CLANG_WARN_INT_CONVERSION = YES;
				CLANG_WARN__DUPLICATE_METHOD_MATCH = YES;
				"CODE_SIGN_IDENTITY[sdk=iphoneos*]" = "iPhone Developer";
				COPY_PHASE_STRIP = NO;
				GCC_C_LANGUAGE_STANDARD = gnu99;
				GCC_DYNAMIC_NO_PIC = NO;
				GCC_OPTIMIZATION_LEVEL = 0;
				GCC_PREPROCESSOR_DEFINITIONS = (
					"DEBUG=1",
					"$(inherited)",
				);
				GCC_SYMBOLS_PRIVATE_EXTERN = NO;
				GCC_WARN_ABOUT_RETURN_TYPE = YES;
				GCC_WARN_UNINITIALIZED_AUTOS = YES;
				GCC_WARN_UNUSED_VARIABLE = YES;
				IPHONEOS_DEPLOYMENT_TARGET = 6.1;
				ONLY_ACTIVE_ARCH = YES;
				SDKROOT = iphoneos;
				TARGETED_DEVICE_FAMILY = "1,2";
			};
			name = Debug;
		};
		A20CB1E516B8F4CF00AF858B /* Release */ = {
			isa = XCBuildConfiguration;
			buildSettings = {
				ALWAYS_SEARCH_USER_PATHS = NO;
				CLANG_CXX_LANGUAGE_STANDARD = "gnu++0x";
				CLANG_CXX_LIBRARY = "libc++";
				CLANG_ENABLE_OBJC_ARC = YES;
				CLANG_WARN_CONSTANT_CONVERSION = YES;
				CLANG_WARN_EMPTY_BODY = YES;
				CLANG_WARN_ENUM_CONVERSION = YES;
				CLANG_WARN_INT_CONVERSION = YES;
				CLANG_WARN__DUPLICATE_METHOD_MATCH = YES;
				"CODE_SIGN_IDENTITY[sdk=iphoneos*]" = "iPhone Developer";
				COPY_PHASE_STRIP = YES;
				GCC_C_LANGUAGE_STANDARD = gnu99;
				GCC_WARN_ABOUT_RETURN_TYPE = YES;
				GCC_WARN_UNINITIALIZED_AUTOS = YES;
				GCC_WARN_UNUSED_VARIABLE = YES;
				IPHONEOS_DEPLOYMENT_TARGET = 6.1;
				OTHER_CFLAGS = "-DNS_BLOCK_ASSERTIONS=1";
				SDKROOT = iphoneos;
				TARGETED_DEVICE_FAMILY = "1,2";
				VALIDATE_PRODUCT = YES;
			};
			name = Release;
		};
		A20CB1E716B8F4CF00AF858B /* Debug */ = {
			isa = XCBuildConfiguration;
			buildSettings = {
				FRAMEWORK_SEARCH_PATHS = (
					"$(inherited)",
					"\"$(SRCROOT)\"",
				);
				GCC_PRECOMPILE_PREFIX_HEADER = YES;
				GCC_PREFIX_HEADER = "WebsterEditor/WebsterEditor-Prefix.pch";
				INFOPLIST_FILE = "WebsterEditor/WebsterEditor-Info.plist";
				PRODUCT_NAME = "$(TARGET_NAME)";
				WRAPPER_EXTENSION = app;
			};
			name = Debug;
		};
		A20CB1E816B8F4CF00AF858B /* Release */ = {
			isa = XCBuildConfiguration;
			buildSettings = {
				FRAMEWORK_SEARCH_PATHS = (
					"$(inherited)",
					"\"$(SRCROOT)\"",
				);
				GCC_PRECOMPILE_PREFIX_HEADER = YES;
				GCC_PREFIX_HEADER = "WebsterEditor/WebsterEditor-Prefix.pch";
				INFOPLIST_FILE = "WebsterEditor/WebsterEditor-Info.plist";
				PRODUCT_NAME = "$(TARGET_NAME)";
				WRAPPER_EXTENSION = app;
			};
			name = Release;
		};
/* End XCBuildConfiguration section */

/* Begin XCConfigurationList section */
		A20CB1BB16B8F4CF00AF858B /* Build configuration list for PBXProject "WebsterEditor" */ = {
			isa = XCConfigurationList;
			buildConfigurations = (
				A20CB1E416B8F4CF00AF858B /* Debug */,
				A20CB1E516B8F4CF00AF858B /* Release */,
			);
			defaultConfigurationIsVisible = 0;
			defaultConfigurationName = Release;
		};
		A20CB1E616B8F4CF00AF858B /* Build configuration list for PBXNativeTarget "WebsterEditor" */ = {
			isa = XCConfigurationList;
			buildConfigurations = (
				A20CB1E716B8F4CF00AF858B /* Debug */,
				A20CB1E816B8F4CF00AF858B /* Release */,
			);
			defaultConfigurationIsVisible = 0;
			defaultConfigurationName = Release;
		};
/* End XCConfigurationList section */
	};
	rootObject = A20CB1B816B8F4CF00AF858B /* Project object */;
}
