// !$*UTF8*$!
{
	archiveVersion = 1;
	classes = {
	};
	objectVersion = 46;
	objects = {

/* Begin PBXBuildFile section */
		A20085AC16C6F4F50092C022 /* listeners.cljs in Resources */ = {isa = PBXBuildFile; fileRef = A20085AB16C6F4F50092C022 /* listeners.cljs */; };
		A20CB1C416B8F4CF00AF858B /* UIKit.framework in Frameworks */ = {isa = PBXBuildFile; fileRef = A20CB1C316B8F4CF00AF858B /* UIKit.framework */; };
		A20CB1C616B8F4CF00AF858B /* Foundation.framework in Frameworks */ = {isa = PBXBuildFile; fileRef = A20CB1C516B8F4CF00AF858B /* Foundation.framework */; };
		A20CB1C816B8F4CF00AF858B /* CoreGraphics.framework in Frameworks */ = {isa = PBXBuildFile; fileRef = A20CB1C716B8F4CF00AF858B /* CoreGraphics.framework */; };
		A20CB1CE16B8F4CF00AF858B /* InfoPlist.strings in Resources */ = {isa = PBXBuildFile; fileRef = A20CB1CC16B8F4CF00AF858B /* InfoPlist.strings */; };
		A20CB1D016B8F4CF00AF858B /* main.m in Sources */ = {isa = PBXBuildFile; fileRef = A20CB1CF16B8F4CF00AF858B /* main.m */; };
		A20CB1D416B8F4CF00AF858B /* WEAppDelegate.m in Sources */ = {isa = PBXBuildFile; fileRef = A20CB1D316B8F4CF00AF858B /* WEAppDelegate.m */; };
		A20CB1D616B8F4CF00AF858B /* Default.png in Resources */ = {isa = PBXBuildFile; fileRef = A20CB1D516B8F4CF00AF858B /* Default.png */; };
		A20CB1D816B8F4CF00AF858B /* Default@2x.png in Resources */ = {isa = PBXBuildFile; fileRef = A20CB1D716B8F4CF00AF858B /* Default@2x.png */; };
		A20CB1DA16B8F4CF00AF858B /* Default-568h@2x.png in Resources */ = {isa = PBXBuildFile; fileRef = A20CB1D916B8F4CF00AF858B /* Default-568h@2x.png */; };
		A20CB1DD16B8F4CF00AF858B /* WEViewController.m in Sources */ = {isa = PBXBuildFile; fileRef = A20CB1DC16B8F4CF00AF858B /* WEViewController.m */; };
		A20CB1E016B8F4CF00AF858B /* WEViewController_iPhone.xib in Resources */ = {isa = PBXBuildFile; fileRef = A20CB1DE16B8F4CF00AF858B /* WEViewController_iPhone.xib */; };
		A20CB1E316B8F4CF00AF858B /* WEViewController_iPad.xib in Resources */ = {isa = PBXBuildFile; fileRef = A20CB1E116B8F4CF00AF858B /* WEViewController_iPad.xib */; };
		A20CB1F616B9792700AF858B /* bootstrap-responsive.css in Resources */ = {isa = PBXBuildFile; fileRef = A20CB1EC16B9792700AF858B /* bootstrap-responsive.css */; };
		A20CB1F716B9792700AF858B /* bootstrap-responsive.min.css in Resources */ = {isa = PBXBuildFile; fileRef = A20CB1ED16B9792700AF858B /* bootstrap-responsive.min.css */; };
		A20CB1F816B9792700AF858B /* bootstrap.css in Resources */ = {isa = PBXBuildFile; fileRef = A20CB1EE16B9792700AF858B /* bootstrap.css */; };
		A20CB1F916B9792700AF858B /* bootstrap.min.css in Resources */ = {isa = PBXBuildFile; fileRef = A20CB1EF16B9792700AF858B /* bootstrap.min.css */; };
		A20CB1FA16B9792700AF858B /* glyphicons-halflings-white.png in Resources */ = {isa = PBXBuildFile; fileRef = A20CB1F116B9792700AF858B /* glyphicons-halflings-white.png */; };
		A20CB1FB16B9792700AF858B /* glyphicons-halflings.png in Resources */ = {isa = PBXBuildFile; fileRef = A20CB1F216B9792700AF858B /* glyphicons-halflings.png */; };
		A20CB1FC16B9792700AF858B /* bootstrap.js in Resources */ = {isa = PBXBuildFile; fileRef = A20CB1F416B9792700AF858B /* bootstrap.js */; };
		A20CB1FD16B9792700AF858B /* bootstrap.min.js in Resources */ = {isa = PBXBuildFile; fileRef = A20CB1F516B9792700AF858B /* bootstrap.min.js */; };
		A20CB1FF16B9797F00AF858B /* starter.html in Resources */ = {isa = PBXBuildFile; fileRef = A20CB1FE16B9797F00AF858B /* starter.html */; };
		A20CB20116B97F5200AF858B /* jquery-1.9.0.min.js in Resources */ = {isa = PBXBuildFile; fileRef = A20CB20016B97F5200AF858B /* jquery-1.9.0.min.js */; };
		A20F992916BAD1E900B519A4 /* WebViewJavascriptBridge.js.txt in Resources */ = {isa = PBXBuildFile; fileRef = A20F992716BAD1E900B519A4 /* WebViewJavascriptBridge.js.txt */; };
		A20F992A16BAD1E900B519A4 /* WebViewJavascriptBridge.m in Sources */ = {isa = PBXBuildFile; fileRef = A20F992816BAD1E900B519A4 /* WebViewJavascriptBridge.m */; };
		A27CE9E816BA4DB300C7BF43 /* custom.js in Resources */ = {isa = PBXBuildFile; fileRef = A27CE9E716BA4DB300C7BF43 /* custom.js */; };
		A28E76F916C4EAC800665242 /* dom.cljs in Resources */ = {isa = PBXBuildFile; fileRef = A28E76F816C4EAC800665242 /* dom.cljs */; };
		A28E76FB16C4F5B400665242 /* rangy.js in Resources */ = {isa = PBXBuildFile; fileRef = A28E76FA16C4F5B400665242 /* rangy.js */; };
		A29E889316CA0EA600696FFB /* alarm.png in Resources */ = {isa = PBXBuildFile; fileRef = A29E880716CA0EA500696FFB /* alarm.png */; };
		A29E889416CA0EA600696FFB /* alarm@2x.png in Resources */ = {isa = PBXBuildFile; fileRef = A29E880816CA0EA500696FFB /* alarm@2x.png */; };
		A29E889516CA0EA600696FFB /* arrow_down.png in Resources */ = {isa = PBXBuildFile; fileRef = A29E880916CA0EA500696FFB /* arrow_down.png */; };
		A29E889616CA0EA600696FFB /* arrow_down@2x.png in Resources */ = {isa = PBXBuildFile; fileRef = A29E880A16CA0EA500696FFB /* arrow_down@2x.png */; };
		A29E889716CA0EA600696FFB /* arrow_left.png in Resources */ = {isa = PBXBuildFile; fileRef = A29E880B16CA0EA500696FFB /* arrow_left.png */; };
		A29E889816CA0EA600696FFB /* arrow_left@2x.png in Resources */ = {isa = PBXBuildFile; fileRef = A29E880C16CA0EA500696FFB /* arrow_left@2x.png */; };
		A29E889916CA0EA600696FFB /* arrow_right.png in Resources */ = {isa = PBXBuildFile; fileRef = A29E880D16CA0EA500696FFB /* arrow_right.png */; };
		A29E889A16CA0EA600696FFB /* arrow_right@2x.png in Resources */ = {isa = PBXBuildFile; fileRef = A29E880E16CA0EA500696FFB /* arrow_right@2x.png */; };
		A29E889B16CA0EA600696FFB /* arrow_up.png in Resources */ = {isa = PBXBuildFile; fileRef = A29E880F16CA0EA500696FFB /* arrow_up.png */; };
		A29E889C16CA0EA600696FFB /* arrow_up@2x.png in Resources */ = {isa = PBXBuildFile; fileRef = A29E881016CA0EA500696FFB /* arrow_up@2x.png */; };
		A29E889D16CA0EA600696FFB /* bank.png in Resources */ = {isa = PBXBuildFile; fileRef = A29E881116CA0EA500696FFB /* bank.png */; };
		A29E889E16CA0EA600696FFB /* bank@2x.png in Resources */ = {isa = PBXBuildFile; fileRef = A29E881216CA0EA500696FFB /* bank@2x.png */; };
		A29E889F16CA0EA600696FFB /* brief_case.png in Resources */ = {isa = PBXBuildFile; fileRef = A29E881316CA0EA500696FFB /* brief_case.png */; };
		A29E88A016CA0EA600696FFB /* brief_case@2x.png in Resources */ = {isa = PBXBuildFile; fileRef = A29E881416CA0EA500696FFB /* brief_case@2x.png */; };
		A29E88A116CA0EA600696FFB /* calculator.png in Resources */ = {isa = PBXBuildFile; fileRef = A29E881516CA0EA500696FFB /* calculator.png */; };
		A29E88A216CA0EA600696FFB /* calculator@2x.png in Resources */ = {isa = PBXBuildFile; fileRef = A29E881616CA0EA500696FFB /* calculator@2x.png */; };
		A29E88A316CA0EA600696FFB /* camera.png in Resources */ = {isa = PBXBuildFile; fileRef = A29E881716CA0EA500696FFB /* camera.png */; };
		A29E88A416CA0EA600696FFB /* camera@2x.png in Resources */ = {isa = PBXBuildFile; fileRef = A29E881816CA0EA500696FFB /* camera@2x.png */; };
		A29E88A516CA0EA600696FFB /* clapboard.png in Resources */ = {isa = PBXBuildFile; fileRef = A29E881916CA0EA500696FFB /* clapboard.png */; };
		A29E88A616CA0EA600696FFB /* clapboard@2x.png in Resources */ = {isa = PBXBuildFile; fileRef = A29E881A16CA0EA500696FFB /* clapboard@2x.png */; };
		A29E88A716CA0EA600696FFB /* clock.png in Resources */ = {isa = PBXBuildFile; fileRef = A29E881B16CA0EA500696FFB /* clock.png */; };
		A29E88A816CA0EA600696FFB /* clock@2x.png in Resources */ = {isa = PBXBuildFile; fileRef = A29E881C16CA0EA500696FFB /* clock@2x.png */; };
		A29E88A916CA0EA600696FFB /* cog_01.png in Resources */ = {isa = PBXBuildFile; fileRef = A29E881D16CA0EA500696FFB /* cog_01.png */; };
		A29E88AA16CA0EA600696FFB /* cog_01@2x.png in Resources */ = {isa = PBXBuildFile; fileRef = A29E881E16CA0EA500696FFB /* cog_01@2x.png */; };
		A29E88AB16CA0EA600696FFB /* cog_02.png in Resources */ = {isa = PBXBuildFile; fileRef = A29E881F16CA0EA500696FFB /* cog_02.png */; };
		A29E88AC16CA0EA600696FFB /* cog_02@2x.png in Resources */ = {isa = PBXBuildFile; fileRef = A29E882016CA0EA500696FFB /* cog_02@2x.png */; };
		A29E88AD16CA0EA600696FFB /* crayon.png in Resources */ = {isa = PBXBuildFile; fileRef = A29E882116CA0EA500696FFB /* crayon.png */; };
		A29E88AE16CA0EA600696FFB /* crayon@2x.png in Resources */ = {isa = PBXBuildFile; fileRef = A29E882216CA0EA500696FFB /* crayon@2x.png */; };
		A29E88AF16CA0EA600696FFB /* credit_card.png in Resources */ = {isa = PBXBuildFile; fileRef = A29E882316CA0EA500696FFB /* credit_card.png */; };
		A29E88B016CA0EA600696FFB /* credit_card@2x.png in Resources */ = {isa = PBXBuildFile; fileRef = A29E882416CA0EA500696FFB /* credit_card@2x.png */; };
		A29E88B116CA0EA600696FFB /* database.png in Resources */ = {isa = PBXBuildFile; fileRef = A29E882516CA0EA500696FFB /* database.png */; };
		A29E88B216CA0EA600696FFB /* database@2x.png in Resources */ = {isa = PBXBuildFile; fileRef = A29E882616CA0EA500696FFB /* database@2x.png */; };
		A29E88B316CA0EA600696FFB /* eject.png in Resources */ = {isa = PBXBuildFile; fileRef = A29E882716CA0EA500696FFB /* eject.png */; };
		A29E88B416CA0EA600696FFB /* eject@2x.png in Resources */ = {isa = PBXBuildFile; fileRef = A29E882816CA0EA500696FFB /* eject@2x.png */; };
		A29E88B516CA0EA600696FFB /* fast_forward.png in Resources */ = {isa = PBXBuildFile; fileRef = A29E882916CA0EA500696FFB /* fast_forward.png */; };
		A29E88B616CA0EA600696FFB /* fast_forward@2x.png in Resources */ = {isa = PBXBuildFile; fileRef = A29E882A16CA0EA500696FFB /* fast_forward@2x.png */; };
		A29E88B716CA0EA600696FFB /* fire_02.png in Resources */ = {isa = PBXBuildFile; fileRef = A29E882B16CA0EA500696FFB /* fire_02.png */; };
		A29E88B816CA0EA600696FFB /* fire_02@2x.png in Resources */ = {isa = PBXBuildFile; fileRef = A29E882C16CA0EA500696FFB /* fire_02@2x.png */; };
		A29E88B916CA0EA600696FFB /* floppy_disc.png in Resources */ = {isa = PBXBuildFile; fileRef = A29E882D16CA0EA500696FFB /* floppy_disc.png */; };
		A29E88BA16CA0EA600696FFB /* floppy_disc@2x.png in Resources */ = {isa = PBXBuildFile; fileRef = A29E882E16CA0EA500696FFB /* floppy_disc@2x.png */; };
		A29E88BB16CA0EA600696FFB /* folder.png in Resources */ = {isa = PBXBuildFile; fileRef = A29E882F16CA0EA500696FFB /* folder.png */; };
		A29E88BC16CA0EA600696FFB /* folder@2x.png in Resources */ = {isa = PBXBuildFile; fileRef = A29E883016CA0EA500696FFB /* folder@2x.png */; };
		A29E88BD16CA0EA600696FFB /* forward_to_end_01.png in Resources */ = {isa = PBXBuildFile; fileRef = A29E883116CA0EA500696FFB /* forward_to_end_01.png */; };
		A29E88BE16CA0EA600696FFB /* forward_to_end_01@2x.png in Resources */ = {isa = PBXBuildFile; fileRef = A29E883216CA0EA500696FFB /* forward_to_end_01@2x.png */; };
		A29E88BF16CA0EA600696FFB /* forward_to_end_02.png in Resources */ = {isa = PBXBuildFile; fileRef = A29E883316CA0EA500696FFB /* forward_to_end_02.png */; };
		A29E88C016CA0EA600696FFB /* forward_to_end_02@2x.png in Resources */ = {isa = PBXBuildFile; fileRef = A29E883416CA0EA500696FFB /* forward_to_end_02@2x.png */; };
		A29E88C116CA0EA600696FFB /* funnel.png in Resources */ = {isa = PBXBuildFile; fileRef = A29E883516CA0EA500696FFB /* funnel.png */; };
		A29E88C216CA0EA600696FFB /* funnel@2x.png in Resources */ = {isa = PBXBuildFile; fileRef = A29E883616CA0EA500696FFB /* funnel@2x.png */; };
		A29E88C316CA0EA600696FFB /* game_controller.png in Resources */ = {isa = PBXBuildFile; fileRef = A29E883716CA0EA500696FFB /* game_controller.png */; };
		A29E88C416CA0EA600696FFB /* game_controller@2x.png in Resources */ = {isa = PBXBuildFile; fileRef = A29E883816CA0EA500696FFB /* game_controller@2x.png */; };
		A29E88C516CA0EA600696FFB /* globe.png in Resources */ = {isa = PBXBuildFile; fileRef = A29E883916CA0EA500696FFB /* globe.png */; };
		A29E88C616CA0EA600696FFB /* globe@2x.png in Resources */ = {isa = PBXBuildFile; fileRef = A29E883A16CA0EA500696FFB /* globe@2x.png */; };
		A29E88C716CA0EA600696FFB /* graph_bar.png in Resources */ = {isa = PBXBuildFile; fileRef = A29E883B16CA0EA500696FFB /* graph_bar.png */; };
		A29E88C816CA0EA600696FFB /* graph_bar@2x.png in Resources */ = {isa = PBXBuildFile; fileRef = A29E883C16CA0EA500696FFB /* graph_bar@2x.png */; };
		A29E88C916CA0EA600696FFB /* graph_bar_trend.png in Resources */ = {isa = PBXBuildFile; fileRef = A29E883D16CA0EA500696FFB /* graph_bar_trend.png */; };
		A29E88CA16CA0EA600696FFB /* graph_bar_trend@2x.png in Resources */ = {isa = PBXBuildFile; fileRef = A29E883E16CA0EA500696FFB /* graph_bar_trend@2x.png */; };
		A29E88CB16CA0EA600696FFB /* heart.png in Resources */ = {isa = PBXBuildFile; fileRef = A29E883F16CA0EA500696FFB /* heart.png */; };
		A29E88CC16CA0EA600696FFB /* heart@2x.png in Resources */ = {isa = PBXBuildFile; fileRef = A29E884016CA0EA500696FFB /* heart@2x.png */; };
		A29E88CD16CA0EA600696FFB /* house.png in Resources */ = {isa = PBXBuildFile; fileRef = A29E884116CA0EA500696FFB /* house.png */; };
		A29E88CE16CA0EA600696FFB /* house@2x.png in Resources */ = {isa = PBXBuildFile; fileRef = A29E884216CA0EA500696FFB /* house@2x.png */; };
		A29E88CF16CA0EA600696FFB /* letter_closed.png in Resources */ = {isa = PBXBuildFile; fileRef = A29E884316CA0EA500696FFB /* letter_closed.png */; };
		A29E88D016CA0EA600696FFB /* letter_closed@2x.png in Resources */ = {isa = PBXBuildFile; fileRef = A29E884416CA0EA500696FFB /* letter_closed@2x.png */; };
		A29E88D116CA0EA600696FFB /* letter_open.png in Resources */ = {isa = PBXBuildFile; fileRef = A29E884516CA0EA500696FFB /* letter_open.png */; };
		A29E88D216CA0EA600696FFB /* letter_open@2x.png in Resources */ = {isa = PBXBuildFile; fileRef = A29E884616CA0EA500696FFB /* letter_open@2x.png */; };
		A29E88D316CA0EA600696FFB /* lightbulb.png in Resources */ = {isa = PBXBuildFile; fileRef = A29E884716CA0EA500696FFB /* lightbulb.png */; };
		A29E88D416CA0EA600696FFB /* lightbulb@2x.png in Resources */ = {isa = PBXBuildFile; fileRef = A29E884816CA0EA500696FFB /* lightbulb@2x.png */; };
		A29E88D516CA0EA600696FFB /* lock.png in Resources */ = {isa = PBXBuildFile; fileRef = A29E884916CA0EA500696FFB /* lock.png */; };
		A29E88D616CA0EA600696FFB /* lock@2x.png in Resources */ = {isa = PBXBuildFile; fileRef = A29E884A16CA0EA500696FFB /* lock@2x.png */; };
		A29E88D716CA0EA600696FFB /* magnet.png in Resources */ = {isa = PBXBuildFile; fileRef = A29E884B16CA0EA500696FFB /* magnet.png */; };
		A29E88D816CA0EA600696FFB /* magnet@2x.png in Resources */ = {isa = PBXBuildFile; fileRef = A29E884C16CA0EA500696FFB /* magnet@2x.png */; };
		A29E88D916CA0EA600696FFB /* magnifying_glass.png in Resources */ = {isa = PBXBuildFile; fileRef = A29E884D16CA0EA500696FFB /* magnifying_glass.png */; };
		A29E88DA16CA0EA600696FFB /* magnifying_glass@2x.png in Resources */ = {isa = PBXBuildFile; fileRef = A29E884E16CA0EA500696FFB /* magnifying_glass@2x.png */; };
		A29E88DB16CA0EA600696FFB /* medical_case.png in Resources */ = {isa = PBXBuildFile; fileRef = A29E884F16CA0EA500696FFB /* medical_case.png */; };
		A29E88DC16CA0EA600696FFB /* medical_case@2x.png in Resources */ = {isa = PBXBuildFile; fileRef = A29E885016CA0EA500696FFB /* medical_case@2x.png */; };
		A29E88DD16CA0EA600696FFB /* minus.png in Resources */ = {isa = PBXBuildFile; fileRef = A29E885116CA0EA500696FFB /* minus.png */; };
		A29E88DE16CA0EA600696FFB /* minus@2x.png in Resources */ = {isa = PBXBuildFile; fileRef = A29E885216CA0EA500696FFB /* minus@2x.png */; };
		A29E88DF16CA0EA600696FFB /* monitor.png in Resources */ = {isa = PBXBuildFile; fileRef = A29E885316CA0EA500696FFB /* monitor.png */; };
		A29E88E016CA0EA600696FFB /* monitor@2x.png in Resources */ = {isa = PBXBuildFile; fileRef = A29E885416CA0EA500696FFB /* monitor@2x.png */; };
		A29E88E116CA0EA600696FFB /* network.png in Resources */ = {isa = PBXBuildFile; fileRef = A29E885516CA0EA500696FFB /* network.png */; };
		A29E88E216CA0EA600696FFB /* network@2x.png in Resources */ = {isa = PBXBuildFile; fileRef = A29E885616CA0EA500696FFB /* network@2x.png */; };
		A29E88E316CA0EA600696FFB /* newspaper.png in Resources */ = {isa = PBXBuildFile; fileRef = A29E885716CA0EA500696FFB /* newspaper.png */; };
		A29E88E416CA0EA600696FFB /* newspaper@2x.png in Resources */ = {isa = PBXBuildFile; fileRef = A29E885816CA0EA500696FFB /* newspaper@2x.png */; };
		A29E88E516CA0EA600696FFB /* pacman.png in Resources */ = {isa = PBXBuildFile; fileRef = A29E885916CA0EA500696FFB /* pacman.png */; };
		A29E88E616CA0EA600696FFB /* pacman@2x.png in Resources */ = {isa = PBXBuildFile; fileRef = A29E885A16CA0EA500696FFB /* pacman@2x.png */; };
		A29E88E716CA0EA600696FFB /* page_empty.png in Resources */ = {isa = PBXBuildFile; fileRef = A29E885B16CA0EA500696FFB /* page_empty.png */; };
		A29E88E816CA0EA600696FFB /* page_empty@2x.png in Resources */ = {isa = PBXBuildFile; fileRef = A29E885C16CA0EA500696FFB /* page_empty@2x.png */; };
		A29E88E916CA0EA600696FFB /* pause.png in Resources */ = {isa = PBXBuildFile; fileRef = A29E885D16CA0EA500696FFB /* pause.png */; };
		A29E88EA16CA0EA600696FFB /* pause@2x.png in Resources */ = {isa = PBXBuildFile; fileRef = A29E885E16CA0EA500696FFB /* pause@2x.png */; };
		A29E88EB16CA0EA600696FFB /* pencil.png in Resources */ = {isa = PBXBuildFile; fileRef = A29E885F16CA0EA500696FFB /* pencil.png */; };
		A29E88EC16CA0EA600696FFB /* pencil@2x.png in Resources */ = {isa = PBXBuildFile; fileRef = A29E886016CA0EA500696FFB /* pencil@2x.png */; };
		A29E88ED16CA0EA600696FFB /* people_.png in Resources */ = {isa = PBXBuildFile; fileRef = A29E886116CA0EA500696FFB /* people_.png */; };
		A29E88EE16CA0EA600696FFB /* people_@2x.png in Resources */ = {isa = PBXBuildFile; fileRef = A29E886216CA0EA500696FFB /* people_@2x.png */; };
		A29E88EF16CA0EA600696FFB /* people_family.png in Resources */ = {isa = PBXBuildFile; fileRef = A29E886316CA0EA500696FFB /* people_family.png */; };
		A29E88F016CA0EA600696FFB /* people_family@2x.png in Resources */ = {isa = PBXBuildFile; fileRef = A29E886416CA0EA500696FFB /* people_family@2x.png */; };
		A29E88F116CA0EA600696FFB /* people_woman.png in Resources */ = {isa = PBXBuildFile; fileRef = A29E886516CA0EA500696FFB /* people_woman.png */; };
		A29E88F216CA0EA600696FFB /* people_woman@2x.png in Resources */ = {isa = PBXBuildFile; fileRef = A29E886616CA0EA500696FFB /* people_woman@2x.png */; };
		A29E88F316CA0EA600696FFB /* photos_polaroid.png in Resources */ = {isa = PBXBuildFile; fileRef = A29E886716CA0EA500696FFB /* photos_polaroid.png */; };
		A29E88F416CA0EA600696FFB /* photos_polaroid@2x.png in Resources */ = {isa = PBXBuildFile; fileRef = A29E886816CA0EA500696FFB /* photos_polaroid@2x.png */; };
		A29E88F516CA0EA600696FFB /* piggy_bank.png in Resources */ = {isa = PBXBuildFile; fileRef = A29E886916CA0EA500696FFB /* piggy_bank.png */; };
		A29E88F616CA0EA600696FFB /* piggy_bank@2x.png in Resources */ = {isa = PBXBuildFile; fileRef = A29E886A16CA0EA500696FFB /* piggy_bank@2x.png */; };
		A29E88F716CA0EA600696FFB /* play.png in Resources */ = {isa = PBXBuildFile; fileRef = A29E886B16CA0EA500696FFB /* play.png */; };
		A29E88F816CA0EA600696FFB /* play@2x.png in Resources */ = {isa = PBXBuildFile; fileRef = A29E886C16CA0EA500696FFB /* play@2x.png */; };
		A29E88F916CA0EA600696FFB /* plus.png in Resources */ = {isa = PBXBuildFile; fileRef = A29E886D16CA0EA500696FFB /* plus.png */; };
		A29E88FA16CA0EA600696FFB /* plus@2x.png in Resources */ = {isa = PBXBuildFile; fileRef = A29E886E16CA0EA500696FFB /* plus@2x.png */; };
		A29E88FB16CA0EA600696FFB /* record.png in Resources */ = {isa = PBXBuildFile; fileRef = A29E886F16CA0EA500696FFB /* record.png */; };
		A29E88FC16CA0EA600696FFB /* record@2x.png in Resources */ = {isa = PBXBuildFile; fileRef = A29E887016CA0EA500696FFB /* record@2x.png */; };
		A29E88FD16CA0EA600696FFB /* refresh.png in Resources */ = {isa = PBXBuildFile; fileRef = A29E887116CA0EA500696FFB /* refresh.png */; };
		A29E88FE16CA0EA600696FFB /* refresh@2x.png in Resources */ = {isa = PBXBuildFile; fileRef = A29E887216CA0EA500696FFB /* refresh@2x.png */; };
		A29E88FF16CA0EA600696FFB /* refresh_straight_arrows.png in Resources */ = {isa = PBXBuildFile; fileRef = A29E887316CA0EA500696FFB /* refresh_straight_arrows.png */; };
		A29E890016CA0EA600696FFB /* refresh_straight_arrows@2x.png in Resources */ = {isa = PBXBuildFile; fileRef = A29E887416CA0EA500696FFB /* refresh_straight_arrows@2x.png */; };
		A29E890116CA0EA600696FFB /* repeat.png in Resources */ = {isa = PBXBuildFile; fileRef = A29E887516CA0EA500696FFB /* repeat.png */; };
		A29E890216CA0EA600696FFB /* repeat@2x.png in Resources */ = {isa = PBXBuildFile; fileRef = A29E887616CA0EA500696FFB /* repeat@2x.png */; };
		A29E890316CA0EA600696FFB /* rewind.png in Resources */ = {isa = PBXBuildFile; fileRef = A29E887716CA0EA500696FFB /* rewind.png */; };
		A29E890416CA0EA600696FFB /* rewind@2x.png in Resources */ = {isa = PBXBuildFile; fileRef = A29E887816CA0EA500696FFB /* rewind@2x.png */; };
		A29E890516CA0EA600696FFB /* rewind_to_start_01.png in Resources */ = {isa = PBXBuildFile; fileRef = A29E887916CA0EA500696FFB /* rewind_to_start_01.png */; };
		A29E890616CA0EA600696FFB /* rewind_to_start_01@2x.png in Resources */ = {isa = PBXBuildFile; fileRef = A29E887A16CA0EA500696FFB /* rewind_to_start_01@2x.png */; };
		A29E890716CA0EA600696FFB /* rewind_to_start_02.png in Resources */ = {isa = PBXBuildFile; fileRef = A29E887B16CA0EA500696FFB /* rewind_to_start_02.png */; };
		A29E890816CA0EA600696FFB /* rewind_to_start_02@2x.png in Resources */ = {isa = PBXBuildFile; fileRef = A29E887C16CA0EA500696FFB /* rewind_to_start_02@2x.png */; };
		A29E890916CA0EA600696FFB /* rss.png in Resources */ = {isa = PBXBuildFile; fileRef = A29E887D16CA0EA600696FFB /* rss.png */; };
		A29E890A16CA0EA600696FFB /* rss@2x.png in Resources */ = {isa = PBXBuildFile; fileRef = A29E887E16CA0EA600696FFB /* rss@2x.png */; };
		A29E890B16CA0EA600696FFB /* safe.png in Resources */ = {isa = PBXBuildFile; fileRef = A29E887F16CA0EA600696FFB /* safe.png */; };
		A29E890C16CA0EA600696FFB /* safe@2x.png in Resources */ = {isa = PBXBuildFile; fileRef = A29E888016CA0EA600696FFB /* safe@2x.png */; };
		A29E890D16CA0EA600696FFB /* scales.png in Resources */ = {isa = PBXBuildFile; fileRef = A29E888116CA0EA600696FFB /* scales.png */; };
		A29E890E16CA0EA600696FFB /* scales@2x.png in Resources */ = {isa = PBXBuildFile; fileRef = A29E888216CA0EA600696FFB /* scales@2x.png */; };
		A29E890F16CA0EA600696FFB /* shuffle.png in Resources */ = {isa = PBXBuildFile; fileRef = A29E888316CA0EA600696FFB /* shuffle.png */; };
		A29E891016CA0EA600696FFB /* shuffle@2x.png in Resources */ = {isa = PBXBuildFile; fileRef = A29E888416CA0EA600696FFB /* shuffle@2x.png */; };
		A29E891116CA0EA600696FFB /* speaker.png in Resources */ = {isa = PBXBuildFile; fileRef = A29E888516CA0EA600696FFB /* speaker.png */; };
		A29E891216CA0EA600696FFB /* speaker@2x.png in Resources */ = {isa = PBXBuildFile; fileRef = A29E888616CA0EA600696FFB /* speaker@2x.png */; };
		A29E891316CA0EA600696FFB /* speech_bubble.png in Resources */ = {isa = PBXBuildFile; fileRef = A29E888716CA0EA600696FFB /* speech_bubble.png */; };
		A29E891416CA0EA600696FFB /* speech_bubble@2x.png in Resources */ = {isa = PBXBuildFile; fileRef = A29E888816CA0EA600696FFB /* speech_bubble@2x.png */; };
		A29E891516CA0EA600696FFB /* speech_bubble_transparent.png in Resources */ = {isa = PBXBuildFile; fileRef = A29E888916CA0EA600696FFB /* speech_bubble_transparent.png */; };
		A29E891616CA0EA600696FFB /* speech_bubble_transparent@2x.png in Resources */ = {isa = PBXBuildFile; fileRef = A29E888A16CA0EA600696FFB /* speech_bubble_transparent@2x.png */; };
		A29E891716CA0EA600696FFB /* star.png in Resources */ = {isa = PBXBuildFile; fileRef = A29E888B16CA0EA600696FFB /* star.png */; };
		A29E891816CA0EA600696FFB /* star@2x.png in Resources */ = {isa = PBXBuildFile; fileRef = A29E888C16CA0EA600696FFB /* star@2x.png */; };
		A29E891916CA0EA600696FFB /* trolley.png in Resources */ = {isa = PBXBuildFile; fileRef = A29E888D16CA0EA600696FFB /* trolley.png */; };
		A29E891A16CA0EA600696FFB /* trolley@2x.png in Resources */ = {isa = PBXBuildFile; fileRef = A29E888E16CA0EA600696FFB /* trolley@2x.png */; };
		A29E891B16CA0EA600696FFB /* truck.png in Resources */ = {isa = PBXBuildFile; fileRef = A29E888F16CA0EA600696FFB /* truck.png */; };
		A29E891C16CA0EA600696FFB /* truck@2x.png in Resources */ = {isa = PBXBuildFile; fileRef = A29E889016CA0EA600696FFB /* truck@2x.png */; };
		A29E891D16CA0EA600696FFB /* waste_basket.png in Resources */ = {isa = PBXBuildFile; fileRef = A29E889116CA0EA600696FFB /* waste_basket.png */; };
		A29E891E16CA0EA600696FFB /* waste_basket@2x.png in Resources */ = {isa = PBXBuildFile; fileRef = A29E889216CA0EA600696FFB /* waste_basket@2x.png */; };
		A29E892C16CA172A00696FFB /* WEColumnResizeView.m in Sources */ = {isa = PBXBuildFile; fileRef = A29E892B16CA172A00696FFB /* WEColumnResizeView.m */; };
		A29E892E16CA292F00696FFB /* icon_blue.png in Resources */ = {isa = PBXBuildFile; fileRef = A29E892D16CA292F00696FFB /* icon_blue.png */; };
		A2CCDEAA16C1E2E200E30540 /* custom.css in Resources */ = {isa = PBXBuildFile; fileRef = A2CCDEA916C1E2E200E30540 /* custom.css */; };
		A2CCDEB216C1FEAB00E30540 /* WEDialogViewController.m in Sources */ = {isa = PBXBuildFile; fileRef = A2CCDEB016C1FEAB00E30540 /* WEDialogViewController.m */; };
		A2CCDEB316C1FEAB00E30540 /* WEDialogViewController.xib in Resources */ = {isa = PBXBuildFile; fileRef = A2CCDEB116C1FEAB00E30540 /* WEDialogViewController.xib */; };
		A2CCDEBC16C20FE200E30540 /* WEPageManager.m in Sources */ = {isa = PBXBuildFile; fileRef = A2CCDEBB16C20FE200E30540 /* WEPageManager.m */; };
/* End PBXBuildFile section */

/* Begin PBXFileReference section */
		A20085AB16C6F4F50092C022 /* listeners.cljs */ = {isa = PBXFileReference; fileEncoding = 4; lastKnownFileType = text; path = listeners.cljs; sourceTree = "<group>"; };
		A20CB1C016B8F4CF00AF858B /* WebsterEditor.app */ = {isa = PBXFileReference; explicitFileType = wrapper.application; includeInIndex = 0; path = WebsterEditor.app; sourceTree = BUILT_PRODUCTS_DIR; };
		A20CB1C316B8F4CF00AF858B /* UIKit.framework */ = {isa = PBXFileReference; lastKnownFileType = wrapper.framework; name = UIKit.framework; path = System/Library/Frameworks/UIKit.framework; sourceTree = SDKROOT; };
		A20CB1C516B8F4CF00AF858B /* Foundation.framework */ = {isa = PBXFileReference; lastKnownFileType = wrapper.framework; name = Foundation.framework; path = System/Library/Frameworks/Foundation.framework; sourceTree = SDKROOT; };
		A20CB1C716B8F4CF00AF858B /* CoreGraphics.framework */ = {isa = PBXFileReference; lastKnownFileType = wrapper.framework; name = CoreGraphics.framework; path = System/Library/Frameworks/CoreGraphics.framework; sourceTree = SDKROOT; };
		A20CB1CB16B8F4CF00AF858B /* WebsterEditor-Info.plist */ = {isa = PBXFileReference; lastKnownFileType = text.plist.xml; path = "WebsterEditor-Info.plist"; sourceTree = "<group>"; };
		A20CB1CD16B8F4CF00AF858B /* en */ = {isa = PBXFileReference; lastKnownFileType = text.plist.strings; name = en; path = en.lproj/InfoPlist.strings; sourceTree = "<group>"; };
		A20CB1CF16B8F4CF00AF858B /* main.m */ = {isa = PBXFileReference; lastKnownFileType = sourcecode.c.objc; path = main.m; sourceTree = "<group>"; };
		A20CB1D116B8F4CF00AF858B /* WebsterEditor-Prefix.pch */ = {isa = PBXFileReference; lastKnownFileType = sourcecode.c.h; path = "WebsterEditor-Prefix.pch"; sourceTree = "<group>"; };
		A20CB1D216B8F4CF00AF858B /* WEAppDelegate.h */ = {isa = PBXFileReference; lastKnownFileType = sourcecode.c.h; path = WEAppDelegate.h; sourceTree = "<group>"; };
		A20CB1D316B8F4CF00AF858B /* WEAppDelegate.m */ = {isa = PBXFileReference; lastKnownFileType = sourcecode.c.objc; path = WEAppDelegate.m; sourceTree = "<group>"; };
		A20CB1D516B8F4CF00AF858B /* Default.png */ = {isa = PBXFileReference; lastKnownFileType = image.png; path = Default.png; sourceTree = "<group>"; };
		A20CB1D716B8F4CF00AF858B /* Default@2x.png */ = {isa = PBXFileReference; lastKnownFileType = image.png; path = "Default@2x.png"; sourceTree = "<group>"; };
		A20CB1D916B8F4CF00AF858B /* Default-568h@2x.png */ = {isa = PBXFileReference; lastKnownFileType = image.png; path = "Default-568h@2x.png"; sourceTree = "<group>"; };
		A20CB1DB16B8F4CF00AF858B /* WEViewController.h */ = {isa = PBXFileReference; lastKnownFileType = sourcecode.c.h; path = WEViewController.h; sourceTree = "<group>"; };
		A20CB1DC16B8F4CF00AF858B /* WEViewController.m */ = {isa = PBXFileReference; lastKnownFileType = sourcecode.c.objc; path = WEViewController.m; sourceTree = "<group>"; };
		A20CB1DF16B8F4CF00AF858B /* en */ = {isa = PBXFileReference; lastKnownFileType = file.xib; name = en; path = en.lproj/WEViewController_iPhone.xib; sourceTree = "<group>"; };
		A20CB1E216B8F4CF00AF858B /* en */ = {isa = PBXFileReference; lastKnownFileType = file.xib; name = en; path = en.lproj/WEViewController_iPad.xib; sourceTree = "<group>"; };
		A20CB1EC16B9792700AF858B /* bootstrap-responsive.css */ = {isa = PBXFileReference; fileEncoding = 4; lastKnownFileType = text.css; path = "bootstrap-responsive.css"; sourceTree = "<group>"; };
		A20CB1ED16B9792700AF858B /* bootstrap-responsive.min.css */ = {isa = PBXFileReference; fileEncoding = 4; lastKnownFileType = text.css; path = "bootstrap-responsive.min.css"; sourceTree = "<group>"; };
		A20CB1EE16B9792700AF858B /* bootstrap.css */ = {isa = PBXFileReference; fileEncoding = 4; lastKnownFileType = text.css; path = bootstrap.css; sourceTree = "<group>"; };
		A20CB1EF16B9792700AF858B /* bootstrap.min.css */ = {isa = PBXFileReference; fileEncoding = 4; lastKnownFileType = text.css; path = bootstrap.min.css; sourceTree = "<group>"; };
		A20CB1F116B9792700AF858B /* glyphicons-halflings-white.png */ = {isa = PBXFileReference; lastKnownFileType = image.png; path = "glyphicons-halflings-white.png"; sourceTree = "<group>"; };
		A20CB1F216B9792700AF858B /* glyphicons-halflings.png */ = {isa = PBXFileReference; lastKnownFileType = image.png; path = "glyphicons-halflings.png"; sourceTree = "<group>"; };
		A20CB1F416B9792700AF858B /* bootstrap.js */ = {isa = PBXFileReference; fileEncoding = 4; lastKnownFileType = sourcecode.javascript; path = bootstrap.js; sourceTree = "<group>"; };
		A20CB1F516B9792700AF858B /* bootstrap.min.js */ = {isa = PBXFileReference; fileEncoding = 4; lastKnownFileType = sourcecode.javascript; path = bootstrap.min.js; sourceTree = "<group>"; };
		A20CB1FE16B9797F00AF858B /* starter.html */ = {isa = PBXFileReference; fileEncoding = 4; lastKnownFileType = text.html; path = starter.html; sourceTree = "<group>"; };
		A20CB20016B97F5200AF858B /* jquery-1.9.0.min.js */ = {isa = PBXFileReference; fileEncoding = 4; lastKnownFileType = sourcecode.javascript; path = "jquery-1.9.0.min.js"; sourceTree = "<group>"; };
		A20F992616BAD1E900B519A4 /* WebViewJavascriptBridge.h */ = {isa = PBXFileReference; fileEncoding = 4; lastKnownFileType = sourcecode.c.h; path = WebViewJavascriptBridge.h; sourceTree = "<group>"; };
		A20F992716BAD1E900B519A4 /* WebViewJavascriptBridge.js.txt */ = {isa = PBXFileReference; fileEncoding = 4; lastKnownFileType = text; path = WebViewJavascriptBridge.js.txt; sourceTree = "<group>"; };
		A20F992816BAD1E900B519A4 /* WebViewJavascriptBridge.m */ = {isa = PBXFileReference; fileEncoding = 4; lastKnownFileType = sourcecode.c.objc; path = WebViewJavascriptBridge.m; sourceTree = "<group>"; };
		A27CE9E716BA4DB300C7BF43 /* custom.js */ = {isa = PBXFileReference; fileEncoding = 4; lastKnownFileType = sourcecode.javascript; path = custom.js; sourceTree = "<group>"; };
		A28E76F816C4EAC800665242 /* dom.cljs */ = {isa = PBXFileReference; fileEncoding = 4; lastKnownFileType = text; path = dom.cljs; sourceTree = "<group>"; };
		A28E76FA16C4F5B400665242 /* rangy.js */ = {isa = PBXFileReference; fileEncoding = 4; lastKnownFileType = sourcecode.javascript; path = rangy.js; sourceTree = "<group>"; };
		A29E880716CA0EA500696FFB /* alarm.png */ = {isa = PBXFileReference; lastKnownFileType = image.png; path = alarm.png; sourceTree = "<group>"; };
		A29E880816CA0EA500696FFB /* alarm@2x.png */ = {isa = PBXFileReference; lastKnownFileType = image.png; path = "alarm@2x.png"; sourceTree = "<group>"; };
		A29E880916CA0EA500696FFB /* arrow_down.png */ = {isa = PBXFileReference; lastKnownFileType = image.png; path = arrow_down.png; sourceTree = "<group>"; };
		A29E880A16CA0EA500696FFB /* arrow_down@2x.png */ = {isa = PBXFileReference; lastKnownFileType = image.png; path = "arrow_down@2x.png"; sourceTree = "<group>"; };
		A29E880B16CA0EA500696FFB /* arrow_left.png */ = {isa = PBXFileReference; lastKnownFileType = image.png; path = arrow_left.png; sourceTree = "<group>"; };
		A29E880C16CA0EA500696FFB /* arrow_left@2x.png */ = {isa = PBXFileReference; lastKnownFileType = image.png; path = "arrow_left@2x.png"; sourceTree = "<group>"; };
		A29E880D16CA0EA500696FFB /* arrow_right.png */ = {isa = PBXFileReference; lastKnownFileType = image.png; path = arrow_right.png; sourceTree = "<group>"; };
		A29E880E16CA0EA500696FFB /* arrow_right@2x.png */ = {isa = PBXFileReference; lastKnownFileType = image.png; path = "arrow_right@2x.png"; sourceTree = "<group>"; };
		A29E880F16CA0EA500696FFB /* arrow_up.png */ = {isa = PBXFileReference; lastKnownFileType = image.png; path = arrow_up.png; sourceTree = "<group>"; };
		A29E881016CA0EA500696FFB /* arrow_up@2x.png */ = {isa = PBXFileReference; lastKnownFileType = image.png; path = "arrow_up@2x.png"; sourceTree = "<group>"; };
		A29E881116CA0EA500696FFB /* bank.png */ = {isa = PBXFileReference; lastKnownFileType = image.png; path = bank.png; sourceTree = "<group>"; };
		A29E881216CA0EA500696FFB /* bank@2x.png */ = {isa = PBXFileReference; lastKnownFileType = image.png; path = "bank@2x.png"; sourceTree = "<group>"; };
		A29E881316CA0EA500696FFB /* brief_case.png */ = {isa = PBXFileReference; lastKnownFileType = image.png; path = brief_case.png; sourceTree = "<group>"; };
		A29E881416CA0EA500696FFB /* brief_case@2x.png */ = {isa = PBXFileReference; lastKnownFileType = image.png; path = "brief_case@2x.png"; sourceTree = "<group>"; };
		A29E881516CA0EA500696FFB /* calculator.png */ = {isa = PBXFileReference; lastKnownFileType = image.png; path = calculator.png; sourceTree = "<group>"; };
		A29E881616CA0EA500696FFB /* calculator@2x.png */ = {isa = PBXFileReference; lastKnownFileType = image.png; path = "calculator@2x.png"; sourceTree = "<group>"; };
		A29E881716CA0EA500696FFB /* camera.png */ = {isa = PBXFileReference; lastKnownFileType = image.png; path = camera.png; sourceTree = "<group>"; };
		A29E881816CA0EA500696FFB /* camera@2x.png */ = {isa = PBXFileReference; lastKnownFileType = image.png; path = "camera@2x.png"; sourceTree = "<group>"; };
		A29E881916CA0EA500696FFB /* clapboard.png */ = {isa = PBXFileReference; lastKnownFileType = image.png; path = clapboard.png; sourceTree = "<group>"; };
		A29E881A16CA0EA500696FFB /* clapboard@2x.png */ = {isa = PBXFileReference; lastKnownFileType = image.png; path = "clapboard@2x.png"; sourceTree = "<group>"; };
		A29E881B16CA0EA500696FFB /* clock.png */ = {isa = PBXFileReference; lastKnownFileType = image.png; path = clock.png; sourceTree = "<group>"; };
		A29E881C16CA0EA500696FFB /* clock@2x.png */ = {isa = PBXFileReference; lastKnownFileType = image.png; path = "clock@2x.png"; sourceTree = "<group>"; };
		A29E881D16CA0EA500696FFB /* cog_01.png */ = {isa = PBXFileReference; lastKnownFileType = image.png; path = cog_01.png; sourceTree = "<group>"; };
		A29E881E16CA0EA500696FFB /* cog_01@2x.png */ = {isa = PBXFileReference; lastKnownFileType = image.png; path = "cog_01@2x.png"; sourceTree = "<group>"; };
		A29E881F16CA0EA500696FFB /* cog_02.png */ = {isa = PBXFileReference; lastKnownFileType = image.png; path = cog_02.png; sourceTree = "<group>"; };
		A29E882016CA0EA500696FFB /* cog_02@2x.png */ = {isa = PBXFileReference; lastKnownFileType = image.png; path = "cog_02@2x.png"; sourceTree = "<group>"; };
		A29E882116CA0EA500696FFB /* crayon.png */ = {isa = PBXFileReference; lastKnownFileType = image.png; path = crayon.png; sourceTree = "<group>"; };
		A29E882216CA0EA500696FFB /* crayon@2x.png */ = {isa = PBXFileReference; lastKnownFileType = image.png; path = "crayon@2x.png"; sourceTree = "<group>"; };
		A29E882316CA0EA500696FFB /* credit_card.png */ = {isa = PBXFileReference; lastKnownFileType = image.png; path = credit_card.png; sourceTree = "<group>"; };
		A29E882416CA0EA500696FFB /* credit_card@2x.png */ = {isa = PBXFileReference; lastKnownFileType = image.png; path = "credit_card@2x.png"; sourceTree = "<group>"; };
		A29E882516CA0EA500696FFB /* database.png */ = {isa = PBXFileReference; lastKnownFileType = image.png; path = database.png; sourceTree = "<group>"; };
		A29E882616CA0EA500696FFB /* database@2x.png */ = {isa = PBXFileReference; lastKnownFileType = image.png; path = "database@2x.png"; sourceTree = "<group>"; };
		A29E882716CA0EA500696FFB /* eject.png */ = {isa = PBXFileReference; lastKnownFileType = image.png; path = eject.png; sourceTree = "<group>"; };
		A29E882816CA0EA500696FFB /* eject@2x.png */ = {isa = PBXFileReference; lastKnownFileType = image.png; path = "eject@2x.png"; sourceTree = "<group>"; };
		A29E882916CA0EA500696FFB /* fast_forward.png */ = {isa = PBXFileReference; lastKnownFileType = image.png; path = fast_forward.png; sourceTree = "<group>"; };
		A29E882A16CA0EA500696FFB /* fast_forward@2x.png */ = {isa = PBXFileReference; lastKnownFileType = image.png; path = "fast_forward@2x.png"; sourceTree = "<group>"; };
		A29E882B16CA0EA500696FFB /* fire_02.png */ = {isa = PBXFileReference; lastKnownFileType = image.png; path = fire_02.png; sourceTree = "<group>"; };
		A29E882C16CA0EA500696FFB /* fire_02@2x.png */ = {isa = PBXFileReference; lastKnownFileType = image.png; path = "fire_02@2x.png"; sourceTree = "<group>"; };
		A29E882D16CA0EA500696FFB /* floppy_disc.png */ = {isa = PBXFileReference; lastKnownFileType = image.png; path = floppy_disc.png; sourceTree = "<group>"; };
		A29E882E16CA0EA500696FFB /* floppy_disc@2x.png */ = {isa = PBXFileReference; lastKnownFileType = image.png; path = "floppy_disc@2x.png"; sourceTree = "<group>"; };
		A29E882F16CA0EA500696FFB /* folder.png */ = {isa = PBXFileReference; lastKnownFileType = image.png; path = folder.png; sourceTree = "<group>"; };
		A29E883016CA0EA500696FFB /* folder@2x.png */ = {isa = PBXFileReference; lastKnownFileType = image.png; path = "folder@2x.png"; sourceTree = "<group>"; };
		A29E883116CA0EA500696FFB /* forward_to_end_01.png */ = {isa = PBXFileReference; lastKnownFileType = image.png; path = forward_to_end_01.png; sourceTree = "<group>"; };
		A29E883216CA0EA500696FFB /* forward_to_end_01@2x.png */ = {isa = PBXFileReference; lastKnownFileType = image.png; path = "forward_to_end_01@2x.png"; sourceTree = "<group>"; };
		A29E883316CA0EA500696FFB /* forward_to_end_02.png */ = {isa = PBXFileReference; lastKnownFileType = image.png; path = forward_to_end_02.png; sourceTree = "<group>"; };
		A29E883416CA0EA500696FFB /* forward_to_end_02@2x.png */ = {isa = PBXFileReference; lastKnownFileType = image.png; path = "forward_to_end_02@2x.png"; sourceTree = "<group>"; };
		A29E883516CA0EA500696FFB /* funnel.png */ = {isa = PBXFileReference; lastKnownFileType = image.png; path = funnel.png; sourceTree = "<group>"; };
		A29E883616CA0EA500696FFB /* funnel@2x.png */ = {isa = PBXFileReference; lastKnownFileType = image.png; path = "funnel@2x.png"; sourceTree = "<group>"; };
		A29E883716CA0EA500696FFB /* game_controller.png */ = {isa = PBXFileReference; lastKnownFileType = image.png; path = game_controller.png; sourceTree = "<group>"; };
		A29E883816CA0EA500696FFB /* game_controller@2x.png */ = {isa = PBXFileReference; lastKnownFileType = image.png; path = "game_controller@2x.png"; sourceTree = "<group>"; };
		A29E883916CA0EA500696FFB /* globe.png */ = {isa = PBXFileReference; lastKnownFileType = image.png; path = globe.png; sourceTree = "<group>"; };
		A29E883A16CA0EA500696FFB /* globe@2x.png */ = {isa = PBXFileReference; lastKnownFileType = image.png; path = "globe@2x.png"; sourceTree = "<group>"; };
		A29E883B16CA0EA500696FFB /* graph_bar.png */ = {isa = PBXFileReference; lastKnownFileType = image.png; path = graph_bar.png; sourceTree = "<group>"; };
		A29E883C16CA0EA500696FFB /* graph_bar@2x.png */ = {isa = PBXFileReference; lastKnownFileType = image.png; path = "graph_bar@2x.png"; sourceTree = "<group>"; };
		A29E883D16CA0EA500696FFB /* graph_bar_trend.png */ = {isa = PBXFileReference; lastKnownFileType = image.png; path = graph_bar_trend.png; sourceTree = "<group>"; };
		A29E883E16CA0EA500696FFB /* graph_bar_trend@2x.png */ = {isa = PBXFileReference; lastKnownFileType = image.png; path = "graph_bar_trend@2x.png"; sourceTree = "<group>"; };
		A29E883F16CA0EA500696FFB /* heart.png */ = {isa = PBXFileReference; lastKnownFileType = image.png; path = heart.png; sourceTree = "<group>"; };
		A29E884016CA0EA500696FFB /* heart@2x.png */ = {isa = PBXFileReference; lastKnownFileType = image.png; path = "heart@2x.png"; sourceTree = "<group>"; };
		A29E884116CA0EA500696FFB /* house.png */ = {isa = PBXFileReference; lastKnownFileType = image.png; path = house.png; sourceTree = "<group>"; };
		A29E884216CA0EA500696FFB /* house@2x.png */ = {isa = PBXFileReference; lastKnownFileType = image.png; path = "house@2x.png"; sourceTree = "<group>"; };
		A29E884316CA0EA500696FFB /* letter_closed.png */ = {isa = PBXFileReference; lastKnownFileType = image.png; path = letter_closed.png; sourceTree = "<group>"; };
		A29E884416CA0EA500696FFB /* letter_closed@2x.png */ = {isa = PBXFileReference; lastKnownFileType = image.png; path = "letter_closed@2x.png"; sourceTree = "<group>"; };
		A29E884516CA0EA500696FFB /* letter_open.png */ = {isa = PBXFileReference; lastKnownFileType = image.png; path = letter_open.png; sourceTree = "<group>"; };
		A29E884616CA0EA500696FFB /* letter_open@2x.png */ = {isa = PBXFileReference; lastKnownFileType = image.png; path = "letter_open@2x.png"; sourceTree = "<group>"; };
		A29E884716CA0EA500696FFB /* lightbulb.png */ = {isa = PBXFileReference; lastKnownFileType = image.png; path = lightbulb.png; sourceTree = "<group>"; };
		A29E884816CA0EA500696FFB /* lightbulb@2x.png */ = {isa = PBXFileReference; lastKnownFileType = image.png; path = "lightbulb@2x.png"; sourceTree = "<group>"; };
		A29E884916CA0EA500696FFB /* lock.png */ = {isa = PBXFileReference; lastKnownFileType = image.png; path = lock.png; sourceTree = "<group>"; };
		A29E884A16CA0EA500696FFB /* lock@2x.png */ = {isa = PBXFileReference; lastKnownFileType = image.png; path = "lock@2x.png"; sourceTree = "<group>"; };
		A29E884B16CA0EA500696FFB /* magnet.png */ = {isa = PBXFileReference; lastKnownFileType = image.png; path = magnet.png; sourceTree = "<group>"; };
		A29E884C16CA0EA500696FFB /* magnet@2x.png */ = {isa = PBXFileReference; lastKnownFileType = image.png; path = "magnet@2x.png"; sourceTree = "<group>"; };
		A29E884D16CA0EA500696FFB /* magnifying_glass.png */ = {isa = PBXFileReference; lastKnownFileType = image.png; path = magnifying_glass.png; sourceTree = "<group>"; };
		A29E884E16CA0EA500696FFB /* magnifying_glass@2x.png */ = {isa = PBXFileReference; lastKnownFileType = image.png; path = "magnifying_glass@2x.png"; sourceTree = "<group>"; };
		A29E884F16CA0EA500696FFB /* medical_case.png */ = {isa = PBXFileReference; lastKnownFileType = image.png; path = medical_case.png; sourceTree = "<group>"; };
		A29E885016CA0EA500696FFB /* medical_case@2x.png */ = {isa = PBXFileReference; lastKnownFileType = image.png; path = "medical_case@2x.png"; sourceTree = "<group>"; };
		A29E885116CA0EA500696FFB /* minus.png */ = {isa = PBXFileReference; lastKnownFileType = image.png; path = minus.png; sourceTree = "<group>"; };
		A29E885216CA0EA500696FFB /* minus@2x.png */ = {isa = PBXFileReference; lastKnownFileType = image.png; path = "minus@2x.png"; sourceTree = "<group>"; };
		A29E885316CA0EA500696FFB /* monitor.png */ = {isa = PBXFileReference; lastKnownFileType = image.png; path = monitor.png; sourceTree = "<group>"; };
		A29E885416CA0EA500696FFB /* monitor@2x.png */ = {isa = PBXFileReference; lastKnownFileType = image.png; path = "monitor@2x.png"; sourceTree = "<group>"; };
		A29E885516CA0EA500696FFB /* network.png */ = {isa = PBXFileReference; lastKnownFileType = image.png; path = network.png; sourceTree = "<group>"; };
		A29E885616CA0EA500696FFB /* network@2x.png */ = {isa = PBXFileReference; lastKnownFileType = image.png; path = "network@2x.png"; sourceTree = "<group>"; };
		A29E885716CA0EA500696FFB /* newspaper.png */ = {isa = PBXFileReference; lastKnownFileType = image.png; path = newspaper.png; sourceTree = "<group>"; };
		A29E885816CA0EA500696FFB /* newspaper@2x.png */ = {isa = PBXFileReference; lastKnownFileType = image.png; path = "newspaper@2x.png"; sourceTree = "<group>"; };
		A29E885916CA0EA500696FFB /* pacman.png */ = {isa = PBXFileReference; lastKnownFileType = image.png; path = pacman.png; sourceTree = "<group>"; };
		A29E885A16CA0EA500696FFB /* pacman@2x.png */ = {isa = PBXFileReference; lastKnownFileType = image.png; path = "pacman@2x.png"; sourceTree = "<group>"; };
		A29E885B16CA0EA500696FFB /* page_empty.png */ = {isa = PBXFileReference; lastKnownFileType = image.png; path = page_empty.png; sourceTree = "<group>"; };
		A29E885C16CA0EA500696FFB /* page_empty@2x.png */ = {isa = PBXFileReference; lastKnownFileType = image.png; path = "page_empty@2x.png"; sourceTree = "<group>"; };
		A29E885D16CA0EA500696FFB /* pause.png */ = {isa = PBXFileReference; lastKnownFileType = image.png; path = pause.png; sourceTree = "<group>"; };
		A29E885E16CA0EA500696FFB /* pause@2x.png */ = {isa = PBXFileReference; lastKnownFileType = image.png; path = "pause@2x.png"; sourceTree = "<group>"; };
		A29E885F16CA0EA500696FFB /* pencil.png */ = {isa = PBXFileReference; lastKnownFileType = image.png; path = pencil.png; sourceTree = "<group>"; };
		A29E886016CA0EA500696FFB /* pencil@2x.png */ = {isa = PBXFileReference; lastKnownFileType = image.png; path = "pencil@2x.png"; sourceTree = "<group>"; };
		A29E886116CA0EA500696FFB /* people_.png */ = {isa = PBXFileReference; lastKnownFileType = image.png; path = people_.png; sourceTree = "<group>"; };
		A29E886216CA0EA500696FFB /* people_@2x.png */ = {isa = PBXFileReference; lastKnownFileType = image.png; path = "people_@2x.png"; sourceTree = "<group>"; };
		A29E886316CA0EA500696FFB /* people_family.png */ = {isa = PBXFileReference; lastKnownFileType = image.png; path = people_family.png; sourceTree = "<group>"; };
		A29E886416CA0EA500696FFB /* people_family@2x.png */ = {isa = PBXFileReference; lastKnownFileType = image.png; path = "people_family@2x.png"; sourceTree = "<group>"; };
		A29E886516CA0EA500696FFB /* people_woman.png */ = {isa = PBXFileReference; lastKnownFileType = image.png; path = people_woman.png; sourceTree = "<group>"; };
		A29E886616CA0EA500696FFB /* people_woman@2x.png */ = {isa = PBXFileReference; lastKnownFileType = image.png; path = "people_woman@2x.png"; sourceTree = "<group>"; };
		A29E886716CA0EA500696FFB /* photos_polaroid.png */ = {isa = PBXFileReference; lastKnownFileType = image.png; path = photos_polaroid.png; sourceTree = "<group>"; };
		A29E886816CA0EA500696FFB /* photos_polaroid@2x.png */ = {isa = PBXFileReference; lastKnownFileType = image.png; path = "photos_polaroid@2x.png"; sourceTree = "<group>"; };
		A29E886916CA0EA500696FFB /* piggy_bank.png */ = {isa = PBXFileReference; lastKnownFileType = image.png; path = piggy_bank.png; sourceTree = "<group>"; };
		A29E886A16CA0EA500696FFB /* piggy_bank@2x.png */ = {isa = PBXFileReference; lastKnownFileType = image.png; path = "piggy_bank@2x.png"; sourceTree = "<group>"; };
		A29E886B16CA0EA500696FFB /* play.png */ = {isa = PBXFileReference; lastKnownFileType = image.png; path = play.png; sourceTree = "<group>"; };
		A29E886C16CA0EA500696FFB /* play@2x.png */ = {isa = PBXFileReference; lastKnownFileType = image.png; path = "play@2x.png"; sourceTree = "<group>"; };
		A29E886D16CA0EA500696FFB /* plus.png */ = {isa = PBXFileReference; lastKnownFileType = image.png; path = plus.png; sourceTree = "<group>"; };
		A29E886E16CA0EA500696FFB /* plus@2x.png */ = {isa = PBXFileReference; lastKnownFileType = image.png; path = "plus@2x.png"; sourceTree = "<group>"; };
		A29E886F16CA0EA500696FFB /* record.png */ = {isa = PBXFileReference; lastKnownFileType = image.png; path = record.png; sourceTree = "<group>"; };
		A29E887016CA0EA500696FFB /* record@2x.png */ = {isa = PBXFileReference; lastKnownFileType = image.png; path = "record@2x.png"; sourceTree = "<group>"; };
		A29E887116CA0EA500696FFB /* refresh.png */ = {isa = PBXFileReference; lastKnownFileType = image.png; path = refresh.png; sourceTree = "<group>"; };
		A29E887216CA0EA500696FFB /* refresh@2x.png */ = {isa = PBXFileReference; lastKnownFileType = image.png; path = "refresh@2x.png"; sourceTree = "<group>"; };
		A29E887316CA0EA500696FFB /* refresh_straight_arrows.png */ = {isa = PBXFileReference; lastKnownFileType = image.png; path = refresh_straight_arrows.png; sourceTree = "<group>"; };
		A29E887416CA0EA500696FFB /* refresh_straight_arrows@2x.png */ = {isa = PBXFileReference; lastKnownFileType = image.png; path = "refresh_straight_arrows@2x.png"; sourceTree = "<group>"; };
		A29E887516CA0EA500696FFB /* repeat.png */ = {isa = PBXFileReference; lastKnownFileType = image.png; path = repeat.png; sourceTree = "<group>"; };
		A29E887616CA0EA500696FFB /* repeat@2x.png */ = {isa = PBXFileReference; lastKnownFileType = image.png; path = "repeat@2x.png"; sourceTree = "<group>"; };
		A29E887716CA0EA500696FFB /* rewind.png */ = {isa = PBXFileReference; lastKnownFileType = image.png; path = rewind.png; sourceTree = "<group>"; };
		A29E887816CA0EA500696FFB /* rewind@2x.png */ = {isa = PBXFileReference; lastKnownFileType = image.png; path = "rewind@2x.png"; sourceTree = "<group>"; };
		A29E887916CA0EA500696FFB /* rewind_to_start_01.png */ = {isa = PBXFileReference; lastKnownFileType = image.png; path = rewind_to_start_01.png; sourceTree = "<group>"; };
		A29E887A16CA0EA500696FFB /* rewind_to_start_01@2x.png */ = {isa = PBXFileReference; lastKnownFileType = image.png; path = "rewind_to_start_01@2x.png"; sourceTree = "<group>"; };
		A29E887B16CA0EA500696FFB /* rewind_to_start_02.png */ = {isa = PBXFileReference; lastKnownFileType = image.png; path = rewind_to_start_02.png; sourceTree = "<group>"; };
		A29E887C16CA0EA500696FFB /* rewind_to_start_02@2x.png */ = {isa = PBXFileReference; lastKnownFileType = image.png; path = "rewind_to_start_02@2x.png"; sourceTree = "<group>"; };
		A29E887D16CA0EA600696FFB /* rss.png */ = {isa = PBXFileReference; lastKnownFileType = image.png; path = rss.png; sourceTree = "<group>"; };
		A29E887E16CA0EA600696FFB /* rss@2x.png */ = {isa = PBXFileReference; lastKnownFileType = image.png; path = "rss@2x.png"; sourceTree = "<group>"; };
		A29E887F16CA0EA600696FFB /* safe.png */ = {isa = PBXFileReference; lastKnownFileType = image.png; path = safe.png; sourceTree = "<group>"; };
		A29E888016CA0EA600696FFB /* safe@2x.png */ = {isa = PBXFileReference; lastKnownFileType = image.png; path = "safe@2x.png"; sourceTree = "<group>"; };
		A29E888116CA0EA600696FFB /* scales.png */ = {isa = PBXFileReference; lastKnownFileType = image.png; path = scales.png; sourceTree = "<group>"; };
		A29E888216CA0EA600696FFB /* scales@2x.png */ = {isa = PBXFileReference; lastKnownFileType = image.png; path = "scales@2x.png"; sourceTree = "<group>"; };
		A29E888316CA0EA600696FFB /* shuffle.png */ = {isa = PBXFileReference; lastKnownFileType = image.png; path = shuffle.png; sourceTree = "<group>"; };
		A29E888416CA0EA600696FFB /* shuffle@2x.png */ = {isa = PBXFileReference; lastKnownFileType = image.png; path = "shuffle@2x.png"; sourceTree = "<group>"; };
		A29E888516CA0EA600696FFB /* speaker.png */ = {isa = PBXFileReference; lastKnownFileType = image.png; path = speaker.png; sourceTree = "<group>"; };
		A29E888616CA0EA600696FFB /* speaker@2x.png */ = {isa = PBXFileReference; lastKnownFileType = image.png; path = "speaker@2x.png"; sourceTree = "<group>"; };
		A29E888716CA0EA600696FFB /* speech_bubble.png */ = {isa = PBXFileReference; lastKnownFileType = image.png; path = speech_bubble.png; sourceTree = "<group>"; };
		A29E888816CA0EA600696FFB /* speech_bubble@2x.png */ = {isa = PBXFileReference; lastKnownFileType = image.png; path = "speech_bubble@2x.png"; sourceTree = "<group>"; };
		A29E888916CA0EA600696FFB /* speech_bubble_transparent.png */ = {isa = PBXFileReference; lastKnownFileType = image.png; path = speech_bubble_transparent.png; sourceTree = "<group>"; };
		A29E888A16CA0EA600696FFB /* speech_bubble_transparent@2x.png */ = {isa = PBXFileReference; lastKnownFileType = image.png; path = "speech_bubble_transparent@2x.png"; sourceTree = "<group>"; };
		A29E888B16CA0EA600696FFB /* star.png */ = {isa = PBXFileReference; lastKnownFileType = image.png; path = star.png; sourceTree = "<group>"; };
		A29E888C16CA0EA600696FFB /* star@2x.png */ = {isa = PBXFileReference; lastKnownFileType = image.png; path = "star@2x.png"; sourceTree = "<group>"; };
		A29E888D16CA0EA600696FFB /* trolley.png */ = {isa = PBXFileReference; lastKnownFileType = image.png; path = trolley.png; sourceTree = "<group>"; };
		A29E888E16CA0EA600696FFB /* trolley@2x.png */ = {isa = PBXFileReference; lastKnownFileType = image.png; path = "trolley@2x.png"; sourceTree = "<group>"; };
		A29E888F16CA0EA600696FFB /* truck.png */ = {isa = PBXFileReference; lastKnownFileType = image.png; path = truck.png; sourceTree = "<group>"; };
		A29E889016CA0EA600696FFB /* truck@2x.png */ = {isa = PBXFileReference; lastKnownFileType = image.png; path = "truck@2x.png"; sourceTree = "<group>"; };
		A29E889116CA0EA600696FFB /* waste_basket.png */ = {isa = PBXFileReference; lastKnownFileType = image.png; path = waste_basket.png; sourceTree = "<group>"; };
		A29E889216CA0EA600696FFB /* waste_basket@2x.png */ = {isa = PBXFileReference; lastKnownFileType = image.png; path = "waste_basket@2x.png"; sourceTree = "<group>"; };
		A29E892A16CA172A00696FFB /* WEColumnResizeView.h */ = {isa = PBXFileReference; fileEncoding = 4; lastKnownFileType = sourcecode.c.h; name = WEColumnResizeView.h; path = Controllers/WEColumnResizeView.h; sourceTree = "<group>"; };
		A29E892B16CA172A00696FFB /* WEColumnResizeView.m */ = {isa = PBXFileReference; fileEncoding = 4; lastKnownFileType = sourcecode.c.objc; name = WEColumnResizeView.m; path = Controllers/WEColumnResizeView.m; sourceTree = "<group>"; };
		A29E892D16CA292F00696FFB /* icon_blue.png */ = {isa = PBXFileReference; lastKnownFileType = image.png; path = icon_blue.png; sourceTree = "<group>"; };
		A2CCDEA616BE0F3000E30540 /* main.cljs */ = {isa = PBXFileReference; fileEncoding = 4; lastKnownFileType = text; path = main.cljs; sourceTree = "<group>"; };
		A2CCDEA916C1E2E200E30540 /* custom.css */ = {isa = PBXFileReference; fileEncoding = 4; lastKnownFileType = text.css; path = custom.css; sourceTree = "<group>"; };
		A2CCDEAF16C1FEAB00E30540 /* WEDialogViewController.h */ = {isa = PBXFileReference; fileEncoding = 4; lastKnownFileType = sourcecode.c.h; path = WEDialogViewController.h; sourceTree = "<group>"; };
		A2CCDEB016C1FEAB00E30540 /* WEDialogViewController.m */ = {isa = PBXFileReference; fileEncoding = 4; lastKnownFileType = sourcecode.c.objc; path = WEDialogViewController.m; sourceTree = "<group>"; };
		A2CCDEB116C1FEAB00E30540 /* WEDialogViewController.xib */ = {isa = PBXFileReference; fileEncoding = 4; lastKnownFileType = file.xib; path = WEDialogViewController.xib; sourceTree = "<group>"; };
		A2CCDEBA16C20FE200E30540 /* WEPageManager.h */ = {isa = PBXFileReference; fileEncoding = 4; lastKnownFileType = sourcecode.c.h; path = WEPageManager.h; sourceTree = "<group>"; };
		A2CCDEBB16C20FE200E30540 /* WEPageManager.m */ = {isa = PBXFileReference; fileEncoding = 4; lastKnownFileType = sourcecode.c.objc; path = WEPageManager.m; sourceTree = "<group>"; };
		A2EC4F6916CB716A008A548B /* WEResizeColumnDelegate.h */ = {isa = PBXFileReference; fileEncoding = 4; lastKnownFileType = sourcecode.c.h; name = WEResizeColumnDelegate.h; path = Protocols/WEResizeColumnDelegate.h; sourceTree = "<group>"; };
/* End PBXFileReference section */

/* Begin PBXFrameworksBuildPhase section */
		A20CB1BD16B8F4CF00AF858B /* Frameworks */ = {
			isa = PBXFrameworksBuildPhase;
			buildActionMask = 2147483647;
			files = (
				A20CB1C416B8F4CF00AF858B /* UIKit.framework in Frameworks */,
				A20CB1C616B8F4CF00AF858B /* Foundation.framework in Frameworks */,
				A20CB1C816B8F4CF00AF858B /* CoreGraphics.framework in Frameworks */,
			);
			runOnlyForDeploymentPostprocessing = 0;
		};
/* End PBXFrameworksBuildPhase section */

/* Begin PBXGroup section */
		A20CB1B716B8F4CF00AF858B = {
			isa = PBXGroup;
			children = (
				A20CB1C916B8F4CF00AF858B /* WebsterEditor */,
				A20CB1C216B8F4CF00AF858B /* Frameworks */,
				A20CB1C116B8F4CF00AF858B /* Products */,
			);
			sourceTree = "<group>";
		};
		A20CB1C116B8F4CF00AF858B /* Products */ = {
			isa = PBXGroup;
			children = (
				A20CB1C016B8F4CF00AF858B /* WebsterEditor.app */,
			);
			name = Products;
			sourceTree = "<group>";
		};
		A20CB1C216B8F4CF00AF858B /* Frameworks */ = {
			isa = PBXGroup;
			children = (
				A20CB1C316B8F4CF00AF858B /* UIKit.framework */,
				A20CB1C516B8F4CF00AF858B /* Foundation.framework */,
				A20CB1C716B8F4CF00AF858B /* CoreGraphics.framework */,
			);
			name = Frameworks;
			sourceTree = "<group>";
		};
		A20CB1C916B8F4CF00AF858B /* WebsterEditor */ = {
			isa = PBXGroup;
			children = (
				A2EC4F6816CB714E008A548B /* Protocols */,
				A2EC4F6716CB5DB3008A548B /* Views */,
				A2CCDEBD16C2105A00E30540 /* Managers */,
				A2CCDEAE16C1F29100E30540 /* Controllers */,
				A2CCDEA516BE0F3000E30540 /* client */,
				A23A707716BA4892007450E1 /* Libraries */,
				A20CB1E916B8FAB100AF858B /* Resources */,
				A20CB1D216B8F4CF00AF858B /* WEAppDelegate.h */,
				A20CB1D316B8F4CF00AF858B /* WEAppDelegate.m */,
				A20CB1DE16B8F4CF00AF858B /* WEViewController_iPhone.xib */,
				A20CB1E116B8F4CF00AF858B /* WEViewController_iPad.xib */,
				A20CB1CA16B8F4CF00AF858B /* Supporting Files */,
			);
			path = WebsterEditor;
			sourceTree = "<group>";
		};
		A20CB1CA16B8F4CF00AF858B /* Supporting Files */ = {
			isa = PBXGroup;
			children = (
				A20CB1CB16B8F4CF00AF858B /* WebsterEditor-Info.plist */,
				A20CB1CC16B8F4CF00AF858B /* InfoPlist.strings */,
				A20CB1CF16B8F4CF00AF858B /* main.m */,
				A20CB1D116B8F4CF00AF858B /* WebsterEditor-Prefix.pch */,
				A20CB1D516B8F4CF00AF858B /* Default.png */,
				A20CB1D716B8F4CF00AF858B /* Default@2x.png */,
				A20CB1D916B8F4CF00AF858B /* Default-568h@2x.png */,
			);
			name = "Supporting Files";
			sourceTree = "<group>";
		};
		A20CB1E916B8FAB100AF858B /* Resources */ = {
			isa = PBXGroup;
			children = (
				A29E880616CA0EA500696FFB /* icons */,
				A2CCDEA916C1E2E200E30540 /* custom.css */,
				A27CE9E716BA4DB300C7BF43 /* custom.js */,
				A20CB1FE16B9797F00AF858B /* starter.html */,
				A2CCDEAB16C1E33F00E30540 /* vendor */,
			);
			name = Resources;
			sourceTree = "<group>";
		};
		A20CB1EA16B9792700AF858B /* bootstrap */ = {
			isa = PBXGroup;
			children = (
				A20CB1EB16B9792700AF858B /* css */,
				A20CB1F016B9792700AF858B /* img */,
				A20CB1F316B9792700AF858B /* js */,
			);
			path = bootstrap;
			sourceTree = "<group>";
		};
		A20CB1EB16B9792700AF858B /* css */ = {
			isa = PBXGroup;
			children = (
				A20CB1EC16B9792700AF858B /* bootstrap-responsive.css */,
				A20CB1ED16B9792700AF858B /* bootstrap-responsive.min.css */,
				A20CB1EE16B9792700AF858B /* bootstrap.css */,
				A20CB1EF16B9792700AF858B /* bootstrap.min.css */,
			);
			path = css;
			sourceTree = "<group>";
		};
		A20CB1F016B9792700AF858B /* img */ = {
			isa = PBXGroup;
			children = (
				A20CB1F116B9792700AF858B /* glyphicons-halflings-white.png */,
				A20CB1F216B9792700AF858B /* glyphicons-halflings.png */,
			);
			path = img;
			sourceTree = "<group>";
		};
		A20CB1F316B9792700AF858B /* js */ = {
			isa = PBXGroup;
			children = (
				A20CB1F416B9792700AF858B /* bootstrap.js */,
				A20CB1F516B9792700AF858B /* bootstrap.min.js */,
			);
			path = js;
			sourceTree = "<group>";
		};
		A20F992516BAD1E900B519A4 /* WebViewJavascriptBridge */ = {
			isa = PBXGroup;
			children = (
				A20F992616BAD1E900B519A4 /* WebViewJavascriptBridge.h */,
				A20F992716BAD1E900B519A4 /* WebViewJavascriptBridge.js.txt */,
				A20F992816BAD1E900B519A4 /* WebViewJavascriptBridge.m */,
			);
			path = WebViewJavascriptBridge;
			sourceTree = "<group>";
		};
		A23A707716BA4892007450E1 /* Libraries */ = {
			isa = PBXGroup;
			children = (
				A20F992516BAD1E900B519A4 /* WebViewJavascriptBridge */,
			);
			name = Libraries;
			sourceTree = "<group>";
		};
		A29E880616CA0EA500696FFB /* icons */ = {
			isa = PBXGroup;
			children = (
				A29E892D16CA292F00696FFB /* icon_blue.png */,
				A29E880716CA0EA500696FFB /* alarm.png */,
				A29E880816CA0EA500696FFB /* alarm@2x.png */,
				A29E880916CA0EA500696FFB /* arrow_down.png */,
				A29E880A16CA0EA500696FFB /* arrow_down@2x.png */,
				A29E880B16CA0EA500696FFB /* arrow_left.png */,
				A29E880C16CA0EA500696FFB /* arrow_left@2x.png */,
				A29E880D16CA0EA500696FFB /* arrow_right.png */,
				A29E880E16CA0EA500696FFB /* arrow_right@2x.png */,
				A29E880F16CA0EA500696FFB /* arrow_up.png */,
				A29E881016CA0EA500696FFB /* arrow_up@2x.png */,
				A29E881116CA0EA500696FFB /* bank.png */,
				A29E881216CA0EA500696FFB /* bank@2x.png */,
				A29E881316CA0EA500696FFB /* brief_case.png */,
				A29E881416CA0EA500696FFB /* brief_case@2x.png */,
				A29E881516CA0EA500696FFB /* calculator.png */,
				A29E881616CA0EA500696FFB /* calculator@2x.png */,
				A29E881716CA0EA500696FFB /* camera.png */,
				A29E881816CA0EA500696FFB /* camera@2x.png */,
				A29E881916CA0EA500696FFB /* clapboard.png */,
				A29E881A16CA0EA500696FFB /* clapboard@2x.png */,
				A29E881B16CA0EA500696FFB /* clock.png */,
				A29E881C16CA0EA500696FFB /* clock@2x.png */,
				A29E881D16CA0EA500696FFB /* cog_01.png */,
				A29E881E16CA0EA500696FFB /* cog_01@2x.png */,
				A29E881F16CA0EA500696FFB /* cog_02.png */,
				A29E882016CA0EA500696FFB /* cog_02@2x.png */,
				A29E882116CA0EA500696FFB /* crayon.png */,
				A29E882216CA0EA500696FFB /* crayon@2x.png */,
				A29E882316CA0EA500696FFB /* credit_card.png */,
				A29E882416CA0EA500696FFB /* credit_card@2x.png */,
				A29E882516CA0EA500696FFB /* database.png */,
				A29E882616CA0EA500696FFB /* database@2x.png */,
				A29E882716CA0EA500696FFB /* eject.png */,
				A29E882816CA0EA500696FFB /* eject@2x.png */,
				A29E882916CA0EA500696FFB /* fast_forward.png */,
				A29E882A16CA0EA500696FFB /* fast_forward@2x.png */,
				A29E882B16CA0EA500696FFB /* fire_02.png */,
				A29E882C16CA0EA500696FFB /* fire_02@2x.png */,
				A29E882D16CA0EA500696FFB /* floppy_disc.png */,
				A29E882E16CA0EA500696FFB /* floppy_disc@2x.png */,
				A29E882F16CA0EA500696FFB /* folder.png */,
				A29E883016CA0EA500696FFB /* folder@2x.png */,
				A29E883116CA0EA500696FFB /* forward_to_end_01.png */,
				A29E883216CA0EA500696FFB /* forward_to_end_01@2x.png */,
				A29E883316CA0EA500696FFB /* forward_to_end_02.png */,
				A29E883416CA0EA500696FFB /* forward_to_end_02@2x.png */,
				A29E883516CA0EA500696FFB /* funnel.png */,
				A29E883616CA0EA500696FFB /* funnel@2x.png */,
				A29E883716CA0EA500696FFB /* game_controller.png */,
				A29E883816CA0EA500696FFB /* game_controller@2x.png */,
				A29E883916CA0EA500696FFB /* globe.png */,
				A29E883A16CA0EA500696FFB /* globe@2x.png */,
				A29E883B16CA0EA500696FFB /* graph_bar.png */,
				A29E883C16CA0EA500696FFB /* graph_bar@2x.png */,
				A29E883D16CA0EA500696FFB /* graph_bar_trend.png */,
				A29E883E16CA0EA500696FFB /* graph_bar_trend@2x.png */,
				A29E883F16CA0EA500696FFB /* heart.png */,
				A29E884016CA0EA500696FFB /* heart@2x.png */,
				A29E884116CA0EA500696FFB /* house.png */,
				A29E884216CA0EA500696FFB /* house@2x.png */,
				A29E884316CA0EA500696FFB /* letter_closed.png */,
				A29E884416CA0EA500696FFB /* letter_closed@2x.png */,
				A29E884516CA0EA500696FFB /* letter_open.png */,
				A29E884616CA0EA500696FFB /* letter_open@2x.png */,
				A29E884716CA0EA500696FFB /* lightbulb.png */,
				A29E884816CA0EA500696FFB /* lightbulb@2x.png */,
				A29E884916CA0EA500696FFB /* lock.png */,
				A29E884A16CA0EA500696FFB /* lock@2x.png */,
				A29E884B16CA0EA500696FFB /* magnet.png */,
				A29E884C16CA0EA500696FFB /* magnet@2x.png */,
				A29E884D16CA0EA500696FFB /* magnifying_glass.png */,
				A29E884E16CA0EA500696FFB /* magnifying_glass@2x.png */,
				A29E884F16CA0EA500696FFB /* medical_case.png */,
				A29E885016CA0EA500696FFB /* medical_case@2x.png */,
				A29E885116CA0EA500696FFB /* minus.png */,
				A29E885216CA0EA500696FFB /* minus@2x.png */,
				A29E885316CA0EA500696FFB /* monitor.png */,
				A29E885416CA0EA500696FFB /* monitor@2x.png */,
				A29E885516CA0EA500696FFB /* network.png */,
				A29E885616CA0EA500696FFB /* network@2x.png */,
				A29E885716CA0EA500696FFB /* newspaper.png */,
				A29E885816CA0EA500696FFB /* newspaper@2x.png */,
				A29E885916CA0EA500696FFB /* pacman.png */,
				A29E885A16CA0EA500696FFB /* pacman@2x.png */,
				A29E885B16CA0EA500696FFB /* page_empty.png */,
				A29E885C16CA0EA500696FFB /* page_empty@2x.png */,
				A29E885D16CA0EA500696FFB /* pause.png */,
				A29E885E16CA0EA500696FFB /* pause@2x.png */,
				A29E885F16CA0EA500696FFB /* pencil.png */,
				A29E886016CA0EA500696FFB /* pencil@2x.png */,
				A29E886116CA0EA500696FFB /* people_.png */,
				A29E886216CA0EA500696FFB /* people_@2x.png */,
				A29E886316CA0EA500696FFB /* people_family.png */,
				A29E886416CA0EA500696FFB /* people_family@2x.png */,
				A29E886516CA0EA500696FFB /* people_woman.png */,
				A29E886616CA0EA500696FFB /* people_woman@2x.png */,
				A29E886716CA0EA500696FFB /* photos_polaroid.png */,
				A29E886816CA0EA500696FFB /* photos_polaroid@2x.png */,
				A29E886916CA0EA500696FFB /* piggy_bank.png */,
				A29E886A16CA0EA500696FFB /* piggy_bank@2x.png */,
				A29E886B16CA0EA500696FFB /* play.png */,
				A29E886C16CA0EA500696FFB /* play@2x.png */,
				A29E886D16CA0EA500696FFB /* plus.png */,
				A29E886E16CA0EA500696FFB /* plus@2x.png */,
				A29E886F16CA0EA500696FFB /* record.png */,
				A29E887016CA0EA500696FFB /* record@2x.png */,
				A29E887116CA0EA500696FFB /* refresh.png */,
				A29E887216CA0EA500696FFB /* refresh@2x.png */,
				A29E887316CA0EA500696FFB /* refresh_straight_arrows.png */,
				A29E887416CA0EA500696FFB /* refresh_straight_arrows@2x.png */,
				A29E887516CA0EA500696FFB /* repeat.png */,
				A29E887616CA0EA500696FFB /* repeat@2x.png */,
				A29E887716CA0EA500696FFB /* rewind.png */,
				A29E887816CA0EA500696FFB /* rewind@2x.png */,
				A29E887916CA0EA500696FFB /* rewind_to_start_01.png */,
				A29E887A16CA0EA500696FFB /* rewind_to_start_01@2x.png */,
				A29E887B16CA0EA500696FFB /* rewind_to_start_02.png */,
				A29E887C16CA0EA500696FFB /* rewind_to_start_02@2x.png */,
				A29E887D16CA0EA600696FFB /* rss.png */,
				A29E887E16CA0EA600696FFB /* rss@2x.png */,
				A29E887F16CA0EA600696FFB /* safe.png */,
				A29E888016CA0EA600696FFB /* safe@2x.png */,
				A29E888116CA0EA600696FFB /* scales.png */,
				A29E888216CA0EA600696FFB /* scales@2x.png */,
				A29E888316CA0EA600696FFB /* shuffle.png */,
				A29E888416CA0EA600696FFB /* shuffle@2x.png */,
				A29E888516CA0EA600696FFB /* speaker.png */,
				A29E888616CA0EA600696FFB /* speaker@2x.png */,
				A29E888716CA0EA600696FFB /* speech_bubble.png */,
				A29E888816CA0EA600696FFB /* speech_bubble@2x.png */,
				A29E888916CA0EA600696FFB /* speech_bubble_transparent.png */,
				A29E888A16CA0EA600696FFB /* speech_bubble_transparent@2x.png */,
				A29E888B16CA0EA600696FFB /* star.png */,
				A29E888C16CA0EA600696FFB /* star@2x.png */,
				A29E888D16CA0EA600696FFB /* trolley.png */,
				A29E888E16CA0EA600696FFB /* trolley@2x.png */,
				A29E888F16CA0EA600696FFB /* truck.png */,
				A29E889016CA0EA600696FFB /* truck@2x.png */,
				A29E889116CA0EA600696FFB /* waste_basket.png */,
				A29E889216CA0EA600696FFB /* waste_basket@2x.png */,
			);
			path = icons;
			sourceTree = "<group>";
		};
		A2CCDEA516BE0F3000E30540 /* client */ = {
			isa = PBXGroup;
			children = (
				A20085AB16C6F4F50092C022 /* listeners.cljs */,
				A28E76F816C4EAC800665242 /* dom.cljs */,
				A2CCDEA616BE0F3000E30540 /* main.cljs */,
			);
			path = client;
			sourceTree = "<group>";
		};
		A2CCDEAB16C1E33F00E30540 /* vendor */ = {
			isa = PBXGroup;
			children = (
				A28E76FA16C4F5B400665242 /* rangy.js */,
				A20CB1EA16B9792700AF858B /* bootstrap */,
				A20CB20016B97F5200AF858B /* jquery-1.9.0.min.js */,
			);
			name = vendor;
			sourceTree = "<group>";
		};
		A2CCDEAE16C1F29100E30540 /* Controllers */ = {
			isa = PBXGroup;
			children = (
				A20CB1DB16B8F4CF00AF858B /* WEViewController.h */,
				A20CB1DC16B8F4CF00AF858B /* WEViewController.m */,
				A2CCDEAF16C1FEAB00E30540 /* WEDialogViewController.h */,
				A2CCDEB016C1FEAB00E30540 /* WEDialogViewController.m */,
				A2CCDEB116C1FEAB00E30540 /* WEDialogViewController.xib */,
			);
			name = Controllers;
			sourceTree = "<group>";
		};
		A2CCDEBD16C2105A00E30540 /* Managers */ = {
			isa = PBXGroup;
			children = (
				A2CCDEBA16C20FE200E30540 /* WEPageManager.h */,
				A2CCDEBB16C20FE200E30540 /* WEPageManager.m */,
			);
			name = Managers;
			sourceTree = "<group>";
		};
		A2EC4F6716CB5DB3008A548B /* Views */ = {
			isa = PBXGroup;
			children = (
				A29E892A16CA172A00696FFB /* WEColumnResizeView.h */,
				A29E892B16CA172A00696FFB /* WEColumnResizeView.m */,
			);
			name = Views;
			sourceTree = "<group>";
		};
		A2EC4F6816CB714E008A548B /* Protocols */ = {
			isa = PBXGroup;
			children = (
				A2EC4F6916CB716A008A548B /* WEResizeColumnDelegate.h */,
			);
			name = Protocols;
			sourceTree = "<group>";
		};
/* End PBXGroup section */

/* Begin PBXNativeTarget section */
		A20CB1BF16B8F4CF00AF858B /* WebsterEditor */ = {
			isa = PBXNativeTarget;
			buildConfigurationList = A20CB1E616B8F4CF00AF858B /* Build configuration list for PBXNativeTarget "WebsterEditor" */;
			buildPhases = (
				A2CCDEA816C1AB2600E30540 /* Compile cljs */,
				A20CB1BC16B8F4CF00AF858B /* Sources */,
				A20CB1BD16B8F4CF00AF858B /* Frameworks */,
				A20CB1BE16B8F4CF00AF858B /* Resources */,
			);
			buildRules = (
			);
			dependencies = (
			);
			name = WebsterEditor;
			productName = WebsterEditor;
			productReference = A20CB1C016B8F4CF00AF858B /* WebsterEditor.app */;
			productType = "com.apple.product-type.application";
		};
/* End PBXNativeTarget section */

/* Begin PBXProject section */
		A20CB1B816B8F4CF00AF858B /* Project object */ = {
			isa = PBXProject;
			attributes = {
				CLASSPREFIX = WE;
				LastUpgradeCheck = 0460;
				ORGANIZATIONNAME = "pierre larochelle";
			};
			buildConfigurationList = A20CB1BB16B8F4CF00AF858B /* Build configuration list for PBXProject "WebsterEditor" */;
			compatibilityVersion = "Xcode 3.2";
			developmentRegion = English;
			hasScannedForEncodings = 0;
			knownRegions = (
				en,
			);
			mainGroup = A20CB1B716B8F4CF00AF858B;
			productRefGroup = A20CB1C116B8F4CF00AF858B /* Products */;
			projectDirPath = "";
			projectRoot = "";
			targets = (
				A20CB1BF16B8F4CF00AF858B /* WebsterEditor */,
			);
		};
/* End PBXProject section */

/* Begin PBXResourcesBuildPhase section */
		A20CB1BE16B8F4CF00AF858B /* Resources */ = {
			isa = PBXResourcesBuildPhase;
			buildActionMask = 2147483647;
			files = (
				A28E76FB16C4F5B400665242 /* rangy.js in Resources */,
				A27CE9E816BA4DB300C7BF43 /* custom.js in Resources */,
				A20CB1FC16B9792700AF858B /* bootstrap.js in Resources */,
				A20CB1FD16B9792700AF858B /* bootstrap.min.js in Resources */,
				A20CB20116B97F5200AF858B /* jquery-1.9.0.min.js in Resources */,
				A20CB1CE16B8F4CF00AF858B /* InfoPlist.strings in Resources */,
				A20CB1D616B8F4CF00AF858B /* Default.png in Resources */,
				A20CB1D816B8F4CF00AF858B /* Default@2x.png in Resources */,
				A20CB1DA16B8F4CF00AF858B /* Default-568h@2x.png in Resources */,
				A20CB1E016B8F4CF00AF858B /* WEViewController_iPhone.xib in Resources */,
				A20CB1E316B8F4CF00AF858B /* WEViewController_iPad.xib in Resources */,
				A20CB1F616B9792700AF858B /* bootstrap-responsive.css in Resources */,
				A20CB1F716B9792700AF858B /* bootstrap-responsive.min.css in Resources */,
				A20CB1F816B9792700AF858B /* bootstrap.css in Resources */,
				A20CB1F916B9792700AF858B /* bootstrap.min.css in Resources */,
				A20CB1FA16B9792700AF858B /* glyphicons-halflings-white.png in Resources */,
				A20CB1FB16B9792700AF858B /* glyphicons-halflings.png in Resources */,
				A20CB1FF16B9797F00AF858B /* starter.html in Resources */,
				A20F992916BAD1E900B519A4 /* WebViewJavascriptBridge.js.txt in Resources */,
				A2CCDEAA16C1E2E200E30540 /* custom.css in Resources */,
				A2CCDEB316C1FEAB00E30540 /* WEDialogViewController.xib in Resources */,
				A28E76F916C4EAC800665242 /* dom.cljs in Resources */,
				A20085AC16C6F4F50092C022 /* listeners.cljs in Resources */,
				A29E889316CA0EA600696FFB /* alarm.png in Resources */,
				A29E889416CA0EA600696FFB /* alarm@2x.png in Resources */,
				A29E889516CA0EA600696FFB /* arrow_down.png in Resources */,
				A29E889616CA0EA600696FFB /* arrow_down@2x.png in Resources */,
				A29E889716CA0EA600696FFB /* arrow_left.png in Resources */,
				A29E889816CA0EA600696FFB /* arrow_left@2x.png in Resources */,
				A29E889916CA0EA600696FFB /* arrow_right.png in Resources */,
				A29E889A16CA0EA600696FFB /* arrow_right@2x.png in Resources */,
				A29E889B16CA0EA600696FFB /* arrow_up.png in Resources */,
				A29E889C16CA0EA600696FFB /* arrow_up@2x.png in Resources */,
				A29E889D16CA0EA600696FFB /* bank.png in Resources */,
				A29E889E16CA0EA600696FFB /* bank@2x.png in Resources */,
				A29E889F16CA0EA600696FFB /* brief_case.png in Resources */,
				A29E88A016CA0EA600696FFB /* brief_case@2x.png in Resources */,
				A29E88A116CA0EA600696FFB /* calculator.png in Resources */,
				A29E88A216CA0EA600696FFB /* calculator@2x.png in Resources */,
				A29E88A316CA0EA600696FFB /* camera.png in Resources */,
				A29E88A416CA0EA600696FFB /* camera@2x.png in Resources */,
				A29E88A516CA0EA600696FFB /* clapboard.png in Resources */,
				A29E88A616CA0EA600696FFB /* clapboard@2x.png in Resources */,
				A29E88A716CA0EA600696FFB /* clock.png in Resources */,
				A29E88A816CA0EA600696FFB /* clock@2x.png in Resources */,
				A29E88A916CA0EA600696FFB /* cog_01.png in Resources */,
				A29E88AA16CA0EA600696FFB /* cog_01@2x.png in Resources */,
				A29E88AB16CA0EA600696FFB /* cog_02.png in Resources */,
				A29E88AC16CA0EA600696FFB /* cog_02@2x.png in Resources */,
				A29E88AD16CA0EA600696FFB /* crayon.png in Resources */,
				A29E88AE16CA0EA600696FFB /* crayon@2x.png in Resources */,
				A29E88AF16CA0EA600696FFB /* credit_card.png in Resources */,
				A29E88B016CA0EA600696FFB /* credit_card@2x.png in Resources */,
				A29E88B116CA0EA600696FFB /* database.png in Resources */,
				A29E88B216CA0EA600696FFB /* database@2x.png in Resources */,
				A29E88B316CA0EA600696FFB /* eject.png in Resources */,
				A29E88B416CA0EA600696FFB /* eject@2x.png in Resources */,
				A29E88B516CA0EA600696FFB /* fast_forward.png in Resources */,
				A29E88B616CA0EA600696FFB /* fast_forward@2x.png in Resources */,
				A29E88B716CA0EA600696FFB /* fire_02.png in Resources */,
				A29E88B816CA0EA600696FFB /* fire_02@2x.png in Resources */,
				A29E88B916CA0EA600696FFB /* floppy_disc.png in Resources */,
				A29E88BA16CA0EA600696FFB /* floppy_disc@2x.png in Resources */,
				A29E88BB16CA0EA600696FFB /* folder.png in Resources */,
				A29E88BC16CA0EA600696FFB /* folder@2x.png in Resources */,
				A29E88BD16CA0EA600696FFB /* forward_to_end_01.png in Resources */,
				A29E88BE16CA0EA600696FFB /* forward_to_end_01@2x.png in Resources */,
				A29E88BF16CA0EA600696FFB /* forward_to_end_02.png in Resources */,
				A29E88C016CA0EA600696FFB /* forward_to_end_02@2x.png in Resources */,
				A29E88C116CA0EA600696FFB /* funnel.png in Resources */,
				A29E88C216CA0EA600696FFB /* funnel@2x.png in Resources */,
				A29E88C316CA0EA600696FFB /* game_controller.png in Resources */,
				A29E88C416CA0EA600696FFB /* game_controller@2x.png in Resources */,
				A29E88C516CA0EA600696FFB /* globe.png in Resources */,
				A29E88C616CA0EA600696FFB /* globe@2x.png in Resources */,
				A29E88C716CA0EA600696FFB /* graph_bar.png in Resources */,
				A29E88C816CA0EA600696FFB /* graph_bar@2x.png in Resources */,
				A29E88C916CA0EA600696FFB /* graph_bar_trend.png in Resources */,
				A29E88CA16CA0EA600696FFB /* graph_bar_trend@2x.png in Resources */,
				A29E88CB16CA0EA600696FFB /* heart.png in Resources */,
				A29E88CC16CA0EA600696FFB /* heart@2x.png in Resources */,
				A29E88CD16CA0EA600696FFB /* house.png in Resources */,
				A29E88CE16CA0EA600696FFB /* house@2x.png in Resources */,
				A29E88CF16CA0EA600696FFB /* letter_closed.png in Resources */,
				A29E88D016CA0EA600696FFB /* letter_closed@2x.png in Resources */,
				A29E88D116CA0EA600696FFB /* letter_open.png in Resources */,
				A29E88D216CA0EA600696FFB /* letter_open@2x.png in Resources */,
				A29E88D316CA0EA600696FFB /* lightbulb.png in Resources */,
				A29E88D416CA0EA600696FFB /* lightbulb@2x.png in Resources */,
				A29E88D516CA0EA600696FFB /* lock.png in Resources */,
				A29E88D616CA0EA600696FFB /* lock@2x.png in Resources */,
				A29E88D716CA0EA600696FFB /* magnet.png in Resources */,
				A29E88D816CA0EA600696FFB /* magnet@2x.png in Resources */,
				A29E88D916CA0EA600696FFB /* magnifying_glass.png in Resources */,
				A29E88DA16CA0EA600696FFB /* magnifying_glass@2x.png in Resources */,
				A29E88DB16CA0EA600696FFB /* medical_case.png in Resources */,
				A29E88DC16CA0EA600696FFB /* medical_case@2x.png in Resources */,
				A29E88DD16CA0EA600696FFB /* minus.png in Resources */,
				A29E88DE16CA0EA600696FFB /* minus@2x.png in Resources */,
				A29E88DF16CA0EA600696FFB /* monitor.png in Resources */,
				A29E88E016CA0EA600696FFB /* monitor@2x.png in Resources */,
				A29E88E116CA0EA600696FFB /* network.png in Resources */,
				A29E88E216CA0EA600696FFB /* network@2x.png in Resources */,
				A29E88E316CA0EA600696FFB /* newspaper.png in Resources */,
				A29E88E416CA0EA600696FFB /* newspaper@2x.png in Resources */,
				A29E88E516CA0EA600696FFB /* pacman.png in Resources */,
				A29E88E616CA0EA600696FFB /* pacman@2x.png in Resources */,
				A29E88E716CA0EA600696FFB /* page_empty.png in Resources */,
				A29E88E816CA0EA600696FFB /* page_empty@2x.png in Resources */,
				A29E88E916CA0EA600696FFB /* pause.png in Resources */,
				A29E88EA16CA0EA600696FFB /* pause@2x.png in Resources */,
				A29E88EB16CA0EA600696FFB /* pencil.png in Resources */,
				A29E88EC16CA0EA600696FFB /* pencil@2x.png in Resources */,
				A29E88ED16CA0EA600696FFB /* people_.png in Resources */,
				A29E88EE16CA0EA600696FFB /* people_@2x.png in Resources */,
				A29E88EF16CA0EA600696FFB /* people_family.png in Resources */,
				A29E88F016CA0EA600696FFB /* people_family@2x.png in Resources */,
				A29E88F116CA0EA600696FFB /* people_woman.png in Resources */,
				A29E88F216CA0EA600696FFB /* people_woman@2x.png in Resources */,
				A29E88F316CA0EA600696FFB /* photos_polaroid.png in Resources */,
				A29E88F416CA0EA600696FFB /* photos_polaroid@2x.png in Resources */,
				A29E88F516CA0EA600696FFB /* piggy_bank.png in Resources */,
				A29E88F616CA0EA600696FFB /* piggy_bank@2x.png in Resources */,
				A29E88F716CA0EA600696FFB /* play.png in Resources */,
				A29E88F816CA0EA600696FFB /* play@2x.png in Resources */,
				A29E88F916CA0EA600696FFB /* plus.png in Resources */,
				A29E88FA16CA0EA600696FFB /* plus@2x.png in Resources */,
				A29E88FB16CA0EA600696FFB /* record.png in Resources */,
				A29E88FC16CA0EA600696FFB /* record@2x.png in Resources */,
				A29E88FD16CA0EA600696FFB /* refresh.png in Resources */,
				A29E88FE16CA0EA600696FFB /* refresh@2x.png in Resources */,
				A29E88FF16CA0EA600696FFB /* refresh_straight_arrows.png in Resources */,
				A29E890016CA0EA600696FFB /* refresh_straight_arrows@2x.png in Resources */,
				A29E890116CA0EA600696FFB /* repeat.png in Resources */,
				A29E890216CA0EA600696FFB /* repeat@2x.png in Resources */,
				A29E890316CA0EA600696FFB /* rewind.png in Resources */,
				A29E890416CA0EA600696FFB /* rewind@2x.png in Resources */,
				A29E890516CA0EA600696FFB /* rewind_to_start_01.png in Resources */,
				A29E890616CA0EA600696FFB /* rewind_to_start_01@2x.png in Resources */,
				A29E890716CA0EA600696FFB /* rewind_to_start_02.png in Resources */,
				A29E890816CA0EA600696FFB /* rewind_to_start_02@2x.png in Resources */,
				A29E890916CA0EA600696FFB /* rss.png in Resources */,
				A29E890A16CA0EA600696FFB /* rss@2x.png in Resources */,
				A29E890B16CA0EA600696FFB /* safe.png in Resources */,
				A29E890C16CA0EA600696FFB /* safe@2x.png in Resources */,
				A29E890D16CA0EA600696FFB /* scales.png in Resources */,
				A29E890E16CA0EA600696FFB /* scales@2x.png in Resources */,
				A29E890F16CA0EA600696FFB /* shuffle.png in Resources */,
				A29E891016CA0EA600696FFB /* shuffle@2x.png in Resources */,
				A29E891116CA0EA600696FFB /* speaker.png in Resources */,
				A29E891216CA0EA600696FFB /* speaker@2x.png in Resources */,
				A29E891316CA0EA600696FFB /* speech_bubble.png in Resources */,
				A29E891416CA0EA600696FFB /* speech_bubble@2x.png in Resources */,
				A29E891516CA0EA600696FFB /* speech_bubble_transparent.png in Resources */,
				A29E891616CA0EA600696FFB /* speech_bubble_transparent@2x.png in Resources */,
				A29E891716CA0EA600696FFB /* star.png in Resources */,
				A29E891816CA0EA600696FFB /* star@2x.png in Resources */,
				A29E891916CA0EA600696FFB /* trolley.png in Resources */,
				A29E891A16CA0EA600696FFB /* trolley@2x.png in Resources */,
				A29E891B16CA0EA600696FFB /* truck.png in Resources */,
				A29E891C16CA0EA600696FFB /* truck@2x.png in Resources */,
				A29E891D16CA0EA600696FFB /* waste_basket.png in Resources */,
				A29E891E16CA0EA600696FFB /* waste_basket@2x.png in Resources */,
				A29E892E16CA292F00696FFB /* icon_blue.png in Resources */,
			);
			runOnlyForDeploymentPostprocessing = 0;
		};
/* End PBXResourcesBuildPhase section */

/* Begin PBXShellScriptBuildPhase section */
		A2CCDEA816C1AB2600E30540 /* Compile cljs */ = {
			isa = PBXShellScriptBuildPhase;
			buildActionMask = 2147483647;
			files = (
			);
			inputPaths = (
			);
			name = "Compile cljs";
			outputPaths = (
			);
			runOnlyForDeploymentPostprocessing = 0;
			shellPath = /bin/bash;
			shellScript = "#/Users/pierrelarochelle/Documents/Source/clojurescript/bin/cljsc WebsterEditor/client '{:optimizations :simple :pretty-print true}' > WebsterEditor/custom.js";
			showEnvVarsInLog = 0;
		};
/* End PBXShellScriptBuildPhase section */

/* Begin PBXSourcesBuildPhase section */
		A20CB1BC16B8F4CF00AF858B /* Sources */ = {
			isa = PBXSourcesBuildPhase;
			buildActionMask = 2147483647;
			files = (
				A20CB1D016B8F4CF00AF858B /* main.m in Sources */,
				A20CB1D416B8F4CF00AF858B /* WEAppDelegate.m in Sources */,
				A20CB1DD16B8F4CF00AF858B /* WEViewController.m in Sources */,
				A20F992A16BAD1E900B519A4 /* WebViewJavascriptBridge.m in Sources */,
				A2CCDEB216C1FEAB00E30540 /* WEDialogViewController.m in Sources */,
				A2CCDEBC16C20FE200E30540 /* WEPageManager.m in Sources */,
				A29E892C16CA172A00696FFB /* WEColumnResizeView.m in Sources */,
			);
			runOnlyForDeploymentPostprocessing = 0;
		};
/* End PBXSourcesBuildPhase section */

/* Begin PBXVariantGroup section */
		A20CB1CC16B8F4CF00AF858B /* InfoPlist.strings */ = {
			isa = PBXVariantGroup;
			children = (
				A20CB1CD16B8F4CF00AF858B /* en */,
			);
			name = InfoPlist.strings;
			sourceTree = "<group>";
		};
		A20CB1DE16B8F4CF00AF858B /* WEViewController_iPhone.xib */ = {
			isa = PBXVariantGroup;
			children = (
				A20CB1DF16B8F4CF00AF858B /* en */,
			);
			name = WEViewController_iPhone.xib;
			sourceTree = "<group>";
		};
		A20CB1E116B8F4CF00AF858B /* WEViewController_iPad.xib */ = {
			isa = PBXVariantGroup;
			children = (
				A20CB1E216B8F4CF00AF858B /* en */,
			);
			name = WEViewController_iPad.xib;
			sourceTree = "<group>";
		};
/* End PBXVariantGroup section */

/* Begin XCBuildConfiguration section */
		A20CB1E416B8F4CF00AF858B /* Debug */ = {
			isa = XCBuildConfiguration;
			buildSettings = {
				ALWAYS_SEARCH_USER_PATHS = NO;
				CLANG_CXX_LANGUAGE_STANDARD = "gnu++0x";
				CLANG_CXX_LIBRARY = "libc++";
				CLANG_ENABLE_OBJC_ARC = YES;
				CLANG_WARN_CONSTANT_CONVERSION = YES;
				CLANG_WARN_EMPTY_BODY = YES;
				CLANG_WARN_ENUM_CONVERSION = YES;
				CLANG_WARN_INT_CONVERSION = YES;
				CLANG_WARN__DUPLICATE_METHOD_MATCH = YES;
				"CODE_SIGN_IDENTITY[sdk=iphoneos*]" = "iPhone Developer";
				COPY_PHASE_STRIP = NO;
				GCC_C_LANGUAGE_STANDARD = gnu99;
				GCC_DYNAMIC_NO_PIC = NO;
				GCC_OPTIMIZATION_LEVEL = 0;
				GCC_PREPROCESSOR_DEFINITIONS = (
					"DEBUG=1",
					"$(inherited)",
				);
				GCC_SYMBOLS_PRIVATE_EXTERN = NO;
				GCC_WARN_ABOUT_RETURN_TYPE = YES;
				GCC_WARN_UNINITIALIZED_AUTOS = YES;
				GCC_WARN_UNUSED_VARIABLE = YES;
				IPHONEOS_DEPLOYMENT_TARGET = 6.1;
				ONLY_ACTIVE_ARCH = YES;
				SDKROOT = iphoneos;
				TARGETED_DEVICE_FAMILY = "1,2";
			};
			name = Debug;
		};
		A20CB1E516B8F4CF00AF858B /* Release */ = {
			isa = XCBuildConfiguration;
			buildSettings = {
				ALWAYS_SEARCH_USER_PATHS = NO;
				CLANG_CXX_LANGUAGE_STANDARD = "gnu++0x";
				CLANG_CXX_LIBRARY = "libc++";
				CLANG_ENABLE_OBJC_ARC = YES;
				CLANG_WARN_CONSTANT_CONVERSION = YES;
				CLANG_WARN_EMPTY_BODY = YES;
				CLANG_WARN_ENUM_CONVERSION = YES;
				CLANG_WARN_INT_CONVERSION = YES;
				CLANG_WARN__DUPLICATE_METHOD_MATCH = YES;
				"CODE_SIGN_IDENTITY[sdk=iphoneos*]" = "iPhone Developer";
				COPY_PHASE_STRIP = YES;
				GCC_C_LANGUAGE_STANDARD = gnu99;
				GCC_WARN_ABOUT_RETURN_TYPE = YES;
				GCC_WARN_UNINITIALIZED_AUTOS = YES;
				GCC_WARN_UNUSED_VARIABLE = YES;
				IPHONEOS_DEPLOYMENT_TARGET = 6.1;
				OTHER_CFLAGS = "-DNS_BLOCK_ASSERTIONS=1";
				SDKROOT = iphoneos;
				TARGETED_DEVICE_FAMILY = "1,2";
				VALIDATE_PRODUCT = YES;
			};
			name = Release;
		};
		A20CB1E716B8F4CF00AF858B /* Debug */ = {
			isa = XCBuildConfiguration;
			buildSettings = {
				GCC_PRECOMPILE_PREFIX_HEADER = YES;
				GCC_PREFIX_HEADER = "WebsterEditor/WebsterEditor-Prefix.pch";
				INFOPLIST_FILE = "WebsterEditor/WebsterEditor-Info.plist";
				PRODUCT_NAME = "$(TARGET_NAME)";
				WRAPPER_EXTENSION = app;
			};
			name = Debug;
		};
		A20CB1E816B8F4CF00AF858B /* Release */ = {
			isa = XCBuildConfiguration;
			buildSettings = {
				GCC_PRECOMPILE_PREFIX_HEADER = YES;
				GCC_PREFIX_HEADER = "WebsterEditor/WebsterEditor-Prefix.pch";
				INFOPLIST_FILE = "WebsterEditor/WebsterEditor-Info.plist";
				PRODUCT_NAME = "$(TARGET_NAME)";
				WRAPPER_EXTENSION = app;
			};
			name = Release;
		};
/* End XCBuildConfiguration section */

/* Begin XCConfigurationList section */
		A20CB1BB16B8F4CF00AF858B /* Build configuration list for PBXProject "WebsterEditor" */ = {
			isa = XCConfigurationList;
			buildConfigurations = (
				A20CB1E416B8F4CF00AF858B /* Debug */,
				A20CB1E516B8F4CF00AF858B /* Release */,
			);
			defaultConfigurationIsVisible = 0;
			defaultConfigurationName = Release;
		};
		A20CB1E616B8F4CF00AF858B /* Build configuration list for PBXNativeTarget "WebsterEditor" */ = {
			isa = XCConfigurationList;
			buildConfigurations = (
				A20CB1E716B8F4CF00AF858B /* Debug */,
				A20CB1E816B8F4CF00AF858B /* Release */,
			);
			defaultConfigurationIsVisible = 0;
			defaultConfigurationName = Release;
		};
/* End XCConfigurationList section */
	};
	rootObject = A20CB1B816B8F4CF00AF858B /* Project object */;
}
